// !$*UTF8*$!
{
	archiveVersion = 1;
	classes = {
	};
	objectVersion = 46;
	objects = {

/* Begin PBXBuildFile section */
		0215040A7428425D177B880C /* CoreAudioQuery.swift in Sources */ = {isa = PBXBuildFile; fileRef = 9B633CD95004D6336D3CF5AB /* CoreAudioQuery.swift */; };
		0A4657597F508B7285B0BC4D /* HeartbeatMonitor.swift in Sources */ = {isa = PBXBuildFile; fileRef = 247E03ADC302CF369D710415 /* HeartbeatMonitor.swift */; };
		0AF11F1DDD9618FF1E073139 /* ProtocolError.swift in Sources */ = {isa = PBXBuildFile; fileRef = 95C2554A90F006BC319E7880 /* ProtocolError.swift */; };
		129873D28D11FAEA13B8485D /* Cocoa.framework in Frameworks */ = {isa = PBXBuildFile; fileRef = 86243568D161D0917E656732 /* Cocoa.framework */; };
		171366151CDEF33CE8D209D0 /* SharedMicApp.swift in Sources */ = {isa = PBXBuildFile; fileRef = CC80099748C1A18CDDD0883B /* SharedMicApp.swift */; };
		17DBEF2BBF8D23C3864C0111 /* MenuBarView.swift in Sources */ = {isa = PBXBuildFile; fileRef = 0FD0F421B2F5711EF236648A /* MenuBarView.swift */; };
		180AEB0CCF6451F540A33784 /* Cocoa.framework in Frameworks */ = {isa = PBXBuildFile; fileRef = 86243568D161D0917E656732 /* Cocoa.framework */; };
		18571D5267B9DF89D8B97804 /* PairingString.swift in Sources */ = {isa = PBXBuildFile; fileRef = B15BB949262DFB2938432336 /* PairingString.swift */; };
		1DC758B5D500145F89F66A8C /* AudioDemandObserver.swift in Sources */ = {isa = PBXBuildFile; fileRef = E2F886F185DB98F455CA2AF8 /* AudioDemandObserver.swift */; };
		29C7D04383FE43A68F13A37B /* ReconnectPolicy.swift in Sources */ = {isa = PBXBuildFile; fileRef = FD84E1470FD2AA690965077C /* ReconnectPolicy.swift */; };
		3103B542E09C9467BFBB365B /* AudioFrameCodecTests.swift in Sources */ = {isa = PBXBuildFile; fileRef = BF97894EBA7EF68A19A6418F /* AudioFrameCodecTests.swift */; };
		324AE4D64F52B269B1EF0E8C /* FrameCodecTests.swift in Sources */ = {isa = PBXBuildFile; fileRef = BAAFD2D28E81A20918B0878C /* FrameCodecTests.swift */; };
		32FCE7F9C118BCD863D86AF5 /* PCMRingBuffer.swift in Sources */ = {isa = PBXBuildFile; fileRef = 2875F91EC33338FD98B05295 /* PCMRingBuffer.swift */; };
		331005BBD53421C3462596E5 /* HostDiscovery.swift in Sources */ = {isa = PBXBuildFile; fileRef = BA76D3C1A0B76100B89D452A /* HostDiscovery.swift */; };
		3473597803F7340A8DFA3348 /* LoginItemManager.swift in Sources */ = {isa = PBXBuildFile; fileRef = 2D267FB627561BF844DD9D73 /* LoginItemManager.swift */; };
		3A5E2A350CECFDED47EAE1E8 /* FakeLoginItem.swift in Sources */ = {isa = PBXBuildFile; fileRef = 152EEFC6801FF1CD054D1963 /* FakeLoginItem.swift */; };
		43374115196B23F74E034F02 /* PinnedTLSTransport.swift in Sources */ = {isa = PBXBuildFile; fileRef = 08AC48C027A29200F6F150F3 /* PinnedTLSTransport.swift */; };
		461500CA2C40C4480E1F4EAF /* ConnectionCoordinator.swift in Sources */ = {isa = PBXBuildFile; fileRef = DAC0C2DF921653745ED47719 /* ConnectionCoordinator.swift */; };
		48D957C084E967504BCFE4D9 /* DriftControllerTests.swift in Sources */ = {isa = PBXBuildFile; fileRef = 965286AE79636AC55BC513E9 /* DriftControllerTests.swift */; };
		4FEC15987D160497E5DFEC39 /* AudioRenderer.swift in Sources */ = {isa = PBXBuildFile; fileRef = 0EB1E2C7363F125A8B176DB4 /* AudioRenderer.swift */; };
		5129E78C97A3F80C962EA1D4 /* DemandSettingsTests.swift in Sources */ = {isa = PBXBuildFile; fileRef = A09818F8E919F298D0A3B175 /* DemandSettingsTests.swift */; };
		5328E5BA3C9DBFD070062922 /* DemandSnapshot.swift in Sources */ = {isa = PBXBuildFile; fileRef = 5395E20737AF136E4D384C41 /* DemandSnapshot.swift */; };
		59F6E097CBD92728CCF2CF77 /* SystemInputDevice.swift in Sources */ = {isa = PBXBuildFile; fileRef = 03EAFAA01A5A48760E1D841D /* SystemInputDevice.swift */; };
		5A1FDCCBCAC29D899CADFFB6 /* PinnedTLSTransportTests.swift in Sources */ = {isa = PBXBuildFile; fileRef = 77ADF72827EEE38A1C20D4AD /* PinnedTLSTransportTests.swift */; };
		5AAED40E44929757D5FB4C5A /* PairingStringTests.swift in Sources */ = {isa = PBXBuildFile; fileRef = 3E8A95416D5DDA62AA618B4F /* PairingStringTests.swift */; };
		5C53000D3D3B6936C28745D8 /* AppModel.swift in Sources */ = {isa = PBXBuildFile; fileRef = 01199C1EAB0B88FFF399C8A2 /* AppModel.swift */; };
		5E979FCE0765DE5CFC71FEA2 /* ControlClientTests.swift in Sources */ = {isa = PBXBuildFile; fileRef = 7448E74B3975663228CE0239 /* ControlClientTests.swift */; };
		65E7F3430451C43C12A46CFF /* PairingStoreTests.swift in Sources */ = {isa = PBXBuildFile; fileRef = 97ABE6B67E9D0616187E2769 /* PairingStoreTests.swift */; };
		66AAAC570355EB3B36AC272F /* SessionControllerTests.swift in Sources */ = {isa = PBXBuildFile; fileRef = 2E6BB0E45F3E56746675B3BC /* SessionControllerTests.swift */; };
		66BF8D3DC146D76F432197FA /* FrameBufferTests.swift in Sources */ = {isa = PBXBuildFile; fileRef = 72F4432D984DEEC4FEEE4A14 /* FrameBufferTests.swift */; };
		705147A650E9B28F6A8C0D6B /* SessionDemandTests.swift in Sources */ = {isa = PBXBuildFile; fileRef = 461DBFF8709ADF8563CD17EA /* SessionDemandTests.swift */; };
		71642377BA2C3EB6E5428877 /* AuthProofTests.swift in Sources */ = {isa = PBXBuildFile; fileRef = C2DA03B0C68DE135E0C34CBB /* AuthProofTests.swift */; };
		72536520769853F9F9C8548C /* RepositoryPaths.swift in Sources */ = {isa = PBXBuildFile; fileRef = 48CDCBCFCD2B5610942B1309 /* RepositoryPaths.swift */; };
		77F6B0FE3E86BB1B43443FDB /* AuthProof.swift in Sources */ = {isa = PBXBuildFile; fileRef = 3F900C4C6463191A034D7F1C /* AuthProof.swift */; };
		7FCAFA9DAD0B9D354E2721E1 /* RecordingRenderer.swift in Sources */ = {isa = PBXBuildFile; fileRef = C9FAF87B6C8910B58D33796E /* RecordingRenderer.swift */; };
		8A3DF7E6EB58103538EDC988 /* DriftController.swift in Sources */ = {isa = PBXBuildFile; fileRef = 07FECDD9BCABE976DAA6755A /* DriftController.swift */; };
		8B961243B72CE83D2ECDBAD1 /* CoordinatorDiagnosticsTests.swift in Sources */ = {isa = PBXBuildFile; fileRef = C39A9C0C26E2507FC94EC561 /* CoordinatorDiagnosticsTests.swift */; };
		8BF0F2A44A4E492E80F91C76 /* ControlCodec.swift in Sources */ = {isa = PBXBuildFile; fileRef = AB153F93D90F1D94B526ECFA /* ControlCodec.swift */; };
		8FE856CEEAC110F6B70EC31E /* AudioFrameCodec.swift in Sources */ = {isa = PBXBuildFile; fileRef = 2772D2B84CB59ABE698FBE23 /* AudioFrameCodec.swift */; };
		90D806218A2431786BB14A7A /* SessionController.swift in Sources */ = {isa = PBXBuildFile; fileRef = DDE78A6FD27FEA2F34500F96 /* SessionController.swift */; };
		936D34CD910BEB56742FD6E7 /* ProtocolConstants.swift in Sources */ = {isa = PBXBuildFile; fileRef = CD9225BA4B701C914E3D20D8 /* ProtocolConstants.swift */; };
		9504B40563A86C5FEA8266B2 /* FrameBuffer.swift in Sources */ = {isa = PBXBuildFile; fileRef = 5EA98503B322489F02B49AFA /* FrameBuffer.swift */; };
		96C5595D84D3ADFBF4270FCF /* HostDiscoveryTests.swift in Sources */ = {isa = PBXBuildFile; fileRef = 46E1C895DC5A85EC1D35E9F3 /* HostDiscoveryTests.swift */; };
		9739D68EBFBFAE4C719A538F /* LoginItemManagerTests.swift in Sources */ = {isa = PBXBuildFile; fileRef = C7BF38FB577967C7AE92852B /* LoginItemManagerTests.swift */; };
		9AFC018AF0FC1571E5D91A3C /* ControlClient.swift in Sources */ = {isa = PBXBuildFile; fileRef = 0177FA7F766BD6277EC641C1 /* ControlClient.swift */; };
		9D376B2E91AC89558D1D35F8 /* DiagnosticsSnapshotTests.swift in Sources */ = {isa = PBXBuildFile; fileRef = BABC520422E7E35EE1342AB1 /* DiagnosticsSnapshotTests.swift */; };
		9F7069F3FF359BEB79AEED50 /* AudioDemandObserverTests.swift in Sources */ = {isa = PBXBuildFile; fileRef = 546927D50FC2C875F6926087 /* AudioDemandObserverTests.swift */; };
		A14480ABFD9627F93712E219 /* ControlMessage.swift in Sources */ = {isa = PBXBuildFile; fileRef = 1C0B9477EF9AC2309B77D7A4 /* ControlMessage.swift */; };
		A4E53781F1DBD20A7E937142 /* MockWindowsServerProcess.swift in Sources */ = {isa = PBXBuildFile; fileRef = 2F8B02D83073F5A7BF34184D /* MockWindowsServerProcess.swift */; };
		AB8CC87E4B6A2922A9D2D80B /* ConnectionCoordinatorTests.swift in Sources */ = {isa = PBXBuildFile; fileRef = F3CCBBB3E6D6E408BC079B46 /* ConnectionCoordinatorTests.swift */; };
		AC8780B3F84F1FE80FA70FDF /* MockWindowsServerProcessTests.swift in Sources */ = {isa = PBXBuildFile; fileRef = 7649C543E2ABDA74FD5720A8 /* MockWindowsServerProcessTests.swift */; };
		AE210096054F11A085C3E489 /* DiagnosticsSnapshot.swift in Sources */ = {isa = PBXBuildFile; fileRef = 086F4668BCDB2440396BFED1 /* DiagnosticsSnapshot.swift */; };
		B1DCF4B473069E2FC51B5808 /* AudioRendererTests.swift in Sources */ = {isa = PBXBuildFile; fileRef = 3F1007F1E83A522E548039FF /* AudioRendererTests.swift */; };
		B26FF48A1B42C2B2DD85F177 /* HexTests.swift in Sources */ = {isa = PBXBuildFile; fileRef = 1284D93C541419D980C94AB8 /* HexTests.swift */; };
		B733616362DE2281B6B271E2 /* Base32.swift in Sources */ = {isa = PBXBuildFile; fileRef = 8F9AF21306AFD40AF45D8F10 /* Base32.swift */; };
		BC1FCCF82614A8FF0DA860B1 /* FrameCodec.swift in Sources */ = {isa = PBXBuildFile; fileRef = A2BDDF2C7F51B938D4D6DB78 /* FrameCodec.swift */; };
		C63800F4AD2C40040995A5EF /* PCMRingBufferTests.swift in Sources */ = {isa = PBXBuildFile; fileRef = 6D889962AAF614C2E024DFA2 /* PCMRingBufferTests.swift */; };
		CE16711C3AE8E35AB41E0F2E /* DemandSnapshotTests.swift in Sources */ = {isa = PBXBuildFile; fileRef = 07D01F574F2E58C4408C9C0A /* DemandSnapshotTests.swift */; };
		D80D5328465D485DA6F8E834 /* ControlCodecTests.swift in Sources */ = {isa = PBXBuildFile; fileRef = D36715698F050704A48F855E /* ControlCodecTests.swift */; };
		D8A399075847B3B80ADAA43B /* BlackHoleDevice.swift in Sources */ = {isa = PBXBuildFile; fileRef = 9EAD2E3C6C6FBCBDFF054028 /* BlackHoleDevice.swift */; };
		D9E5080B83445FAD85893315 /* Hex.swift in Sources */ = {isa = PBXBuildFile; fileRef = 015C066EB677991A569305A5 /* Hex.swift */; };
		E8AB2454DB09F5E96BFF34BD /* AppModelTests.swift in Sources */ = {isa = PBXBuildFile; fileRef = ACD55833392729F1FCA7A9C4 /* AppModelTests.swift */; };
		E8BEF55FBDA5E65B8C1DEB14 /* ProtocolConstantsTests.swift in Sources */ = {isa = PBXBuildFile; fileRef = 319EA696319E6A68B29A39DE /* ProtocolConstantsTests.swift */; };
		EC24535B8BBD286C7D9DBFBF /* HeartbeatMonitorTests.swift in Sources */ = {isa = PBXBuildFile; fileRef = 2346AF2EEE1FBECAFFEBF96D /* HeartbeatMonitorTests.swift */; };
		EC37DC398D2EBF95EC801406 /* DemandSettings.swift in Sources */ = {isa = PBXBuildFile; fileRef = DDA7C57F31CDC5349C2D8D10 /* DemandSettings.swift */; };
		EC7491DD78476C2872795D46 /* AudioValidationTests.swift in Sources */ = {isa = PBXBuildFile; fileRef = 7F4FC859E171EA7B5B228E71 /* AudioValidationTests.swift */; };
		EDD064129037CD84010DA3ED /* BlackHoleDeviceTests.swift in Sources */ = {isa = PBXBuildFile; fileRef = 41655867EB3CFAB0475D3388 /* BlackHoleDeviceTests.swift */; };
		EECD0C6267172A018878DBFC /* MeasurementTests.swift in Sources */ = {isa = PBXBuildFile; fileRef = BFE635419287192352CF2D82 /* MeasurementTests.swift */; };
		F0E3ACDC5459D0E859478618 /* PairingStore.swift in Sources */ = {isa = PBXBuildFile; fileRef = 4FAC818710F59E2E4823A8C9 /* PairingStore.swift */; };
		F5AF0F72E0CA7F8C33170FDD /* ReconnectPolicyTests.swift in Sources */ = {isa = PBXBuildFile; fileRef = 1D8D717ADB0DFA413FBA6BD9 /* ReconnectPolicyTests.swift */; };
		F7844928B8219DD1B14F3687 /* VectorConformanceTests.swift in Sources */ = {isa = PBXBuildFile; fileRef = 8DEF34B891AA919637618637 /* VectorConformanceTests.swift */; };
		F9A68FA2FB66E34567A6F2F2 /* FakeHostBrowser.swift in Sources */ = {isa = PBXBuildFile; fileRef = 3EB3C23F9553440F98F53EBD /* FakeHostBrowser.swift */; };
/* End PBXBuildFile section */

/* Begin PBXContainerItemProxy section */
		C47E1F46085AF1DB73A6BA33 /* PBXContainerItemProxy */ = {
			isa = PBXContainerItemProxy;
			containerPortal = 3DB05F3095743260841033A3 /* Project object */;
			proxyType = 1;
			remoteGlobalIDString = CDDB5550533B87F6C4863DFF;
			remoteInfo = SharedMic;
		};
/* End PBXContainerItemProxy section */

/* Begin PBXFileReference section */
		01199C1EAB0B88FFF399C8A2 /* AppModel.swift */ = {isa = PBXFileReference; includeInIndex = 1; lastKnownFileType = sourcecode.swift; name = AppModel.swift; path = App/AppModel.swift; sourceTree = "<group>"; };
		015C066EB677991A569305A5 /* Hex.swift */ = {isa = PBXFileReference; includeInIndex = 1; lastKnownFileType = sourcecode.swift; name = Hex.swift; path = Protocol/Hex.swift; sourceTree = "<group>"; };
		0177FA7F766BD6277EC641C1 /* ControlClient.swift */ = {isa = PBXFileReference; includeInIndex = 1; lastKnownFileType = sourcecode.swift; name = ControlClient.swift; path = Net/ControlClient.swift; sourceTree = "<group>"; };
		03EAFAA01A5A48760E1D841D /* SystemInputDevice.swift */ = {isa = PBXFileReference; includeInIndex = 1; lastKnownFileType = sourcecode.swift; name = SystemInputDevice.swift; path = Audio/SystemInputDevice.swift; sourceTree = "<group>"; };
		07D01F574F2E58C4408C9C0A /* DemandSnapshotTests.swift */ = {isa = PBXFileReference; includeInIndex = 1; lastKnownFileType = sourcecode.swift; path = DemandSnapshotTests.swift; sourceTree = "<group>"; };
		07FECDD9BCABE976DAA6755A /* DriftController.swift */ = {isa = PBXFileReference; includeInIndex = 1; lastKnownFileType = sourcecode.swift; name = DriftController.swift; path = Audio/DriftController.swift; sourceTree = "<group>"; };
		086F4668BCDB2440396BFED1 /* DiagnosticsSnapshot.swift */ = {isa = PBXFileReference; includeInIndex = 1; lastKnownFileType = sourcecode.swift; name = DiagnosticsSnapshot.swift; path = Session/DiagnosticsSnapshot.swift; sourceTree = "<group>"; };
		08AC48C027A29200F6F150F3 /* PinnedTLSTransport.swift */ = {isa = PBXFileReference; includeInIndex = 1; lastKnownFileType = sourcecode.swift; name = PinnedTLSTransport.swift; path = Net/PinnedTLSTransport.swift; sourceTree = "<group>"; };
		0EB1E2C7363F125A8B176DB4 /* AudioRenderer.swift */ = {isa = PBXFileReference; includeInIndex = 1; lastKnownFileType = sourcecode.swift; name = AudioRenderer.swift; path = Audio/AudioRenderer.swift; sourceTree = "<group>"; };
		0FD0F421B2F5711EF236648A /* MenuBarView.swift */ = {isa = PBXFileReference; includeInIndex = 1; lastKnownFileType = sourcecode.swift; name = MenuBarView.swift; path = App/MenuBarView.swift; sourceTree = "<group>"; };
		1284D93C541419D980C94AB8 /* HexTests.swift */ = {isa = PBXFileReference; includeInIndex = 1; lastKnownFileType = sourcecode.swift; path = HexTests.swift; sourceTree = "<group>"; };
		152EEFC6801FF1CD054D1963 /* FakeLoginItem.swift */ = {isa = PBXFileReference; includeInIndex = 1; lastKnownFileType = sourcecode.swift; name = FakeLoginItem.swift; path = Support/FakeLoginItem.swift; sourceTree = "<group>"; };
		1C0B9477EF9AC2309B77D7A4 /* ControlMessage.swift */ = {isa = PBXFileReference; includeInIndex = 1; lastKnownFileType = sourcecode.swift; name = ControlMessage.swift; path = Protocol/ControlMessage.swift; sourceTree = "<group>"; };
		1D8D717ADB0DFA413FBA6BD9 /* ReconnectPolicyTests.swift */ = {isa = PBXFileReference; includeInIndex = 1; lastKnownFileType = sourcecode.swift; path = ReconnectPolicyTests.swift; sourceTree = "<group>"; };
		2346AF2EEE1FBECAFFEBF96D /* HeartbeatMonitorTests.swift */ = {isa = PBXFileReference; includeInIndex = 1; lastKnownFileType = sourcecode.swift; path = HeartbeatMonitorTests.swift; sourceTree = "<group>"; };
		247E03ADC302CF369D710415 /* HeartbeatMonitor.swift */ = {isa = PBXFileReference; includeInIndex = 1; lastKnownFileType = sourcecode.swift; name = HeartbeatMonitor.swift; path = Session/HeartbeatMonitor.swift; sourceTree = "<group>"; };
		2772D2B84CB59ABE698FBE23 /* AudioFrameCodec.swift */ = {isa = PBXFileReference; includeInIndex = 1; lastKnownFileType = sourcecode.swift; name = AudioFrameCodec.swift; path = Protocol/AudioFrameCodec.swift; sourceTree = "<group>"; };
		2875F91EC33338FD98B05295 /* PCMRingBuffer.swift */ = {isa = PBXFileReference; includeInIndex = 1; lastKnownFileType = sourcecode.swift; name = PCMRingBuffer.swift; path = Audio/PCMRingBuffer.swift; sourceTree = "<group>"; };
		2D267FB627561BF844DD9D73 /* LoginItemManager.swift */ = {isa = PBXFileReference; includeInIndex = 1; lastKnownFileType = sourcecode.swift; name = LoginItemManager.swift; path = App/LoginItemManager.swift; sourceTree = "<group>"; };
		2E6BB0E45F3E56746675B3BC /* SessionControllerTests.swift */ = {isa = PBXFileReference; includeInIndex = 1; lastKnownFileType = sourcecode.swift; path = SessionControllerTests.swift; sourceTree = "<group>"; };
		2F8B02D83073F5A7BF34184D /* MockWindowsServerProcess.swift */ = {isa = PBXFileReference; includeInIndex = 1; lastKnownFileType = sourcecode.swift; name = MockWindowsServerProcess.swift; path = Support/MockWindowsServerProcess.swift; sourceTree = "<group>"; };
		319EA696319E6A68B29A39DE /* ProtocolConstantsTests.swift */ = {isa = PBXFileReference; includeInIndex = 1; lastKnownFileType = sourcecode.swift; path = ProtocolConstantsTests.swift; sourceTree = "<group>"; };
		3E8A95416D5DDA62AA618B4F /* PairingStringTests.swift */ = {isa = PBXFileReference; includeInIndex = 1; lastKnownFileType = sourcecode.swift; path = PairingStringTests.swift; sourceTree = "<group>"; };
		3EB3C23F9553440F98F53EBD /* FakeHostBrowser.swift */ = {isa = PBXFileReference; includeInIndex = 1; lastKnownFileType = sourcecode.swift; name = FakeHostBrowser.swift; path = Support/FakeHostBrowser.swift; sourceTree = "<group>"; };
		3F1007F1E83A522E548039FF /* AudioRendererTests.swift */ = {isa = PBXFileReference; includeInIndex = 1; lastKnownFileType = sourcecode.swift; path = AudioRendererTests.swift; sourceTree = "<group>"; };
		3F900C4C6463191A034D7F1C /* AuthProof.swift */ = {isa = PBXFileReference; includeInIndex = 1; lastKnownFileType = sourcecode.swift; name = AuthProof.swift; path = Security/AuthProof.swift; sourceTree = "<group>"; };
		41655867EB3CFAB0475D3388 /* BlackHoleDeviceTests.swift */ = {isa = PBXFileReference; includeInIndex = 1; lastKnownFileType = sourcecode.swift; path = BlackHoleDeviceTests.swift; sourceTree = "<group>"; };
		461DBFF8709ADF8563CD17EA /* SessionDemandTests.swift */ = {isa = PBXFileReference; includeInIndex = 1; lastKnownFileType = sourcecode.swift; path = SessionDemandTests.swift; sourceTree = "<group>"; };
		46E1C895DC5A85EC1D35E9F3 /* HostDiscoveryTests.swift */ = {isa = PBXFileReference; includeInIndex = 1; lastKnownFileType = sourcecode.swift; path = HostDiscoveryTests.swift; sourceTree = "<group>"; };
		48CDCBCFCD2B5610942B1309 /* RepositoryPaths.swift */ = {isa = PBXFileReference; includeInIndex = 1; lastKnownFileType = sourcecode.swift; name = RepositoryPaths.swift; path = Support/RepositoryPaths.swift; sourceTree = "<group>"; };
		4FAC818710F59E2E4823A8C9 /* PairingStore.swift */ = {isa = PBXFileReference; includeInIndex = 1; lastKnownFileType = sourcecode.swift; name = PairingStore.swift; path = Security/PairingStore.swift; sourceTree = "<group>"; };
		5395E20737AF136E4D384C41 /* DemandSnapshot.swift */ = {isa = PBXFileReference; includeInIndex = 1; lastKnownFileType = sourcecode.swift; name = DemandSnapshot.swift; path = Audio/DemandSnapshot.swift; sourceTree = "<group>"; };
		546927D50FC2C875F6926087 /* AudioDemandObserverTests.swift */ = {isa = PBXFileReference; includeInIndex = 1; lastKnownFileType = sourcecode.swift; path = AudioDemandObserverTests.swift; sourceTree = "<group>"; };
		5EA98503B322489F02B49AFA /* FrameBuffer.swift */ = {isa = PBXFileReference; includeInIndex = 1; lastKnownFileType = sourcecode.swift; name = FrameBuffer.swift; path = Protocol/FrameBuffer.swift; sourceTree = "<group>"; };
		61194B5DDB19E3DACA275E56 /* SharedMicTests.xctest */ = {isa = PBXFileReference; explicitFileType = wrapper.cfbundle; includeInIndex = 0; path = SharedMicTests.xctest; sourceTree = BUILT_PRODUCTS_DIR; };
		6D889962AAF614C2E024DFA2 /* PCMRingBufferTests.swift */ = {isa = PBXFileReference; includeInIndex = 1; lastKnownFileType = sourcecode.swift; path = PCMRingBufferTests.swift; sourceTree = "<group>"; };
		72F4432D984DEEC4FEEE4A14 /* FrameBufferTests.swift */ = {isa = PBXFileReference; includeInIndex = 1; lastKnownFileType = sourcecode.swift; path = FrameBufferTests.swift; sourceTree = "<group>"; };
		7448E74B3975663228CE0239 /* ControlClientTests.swift */ = {isa = PBXFileReference; includeInIndex = 1; lastKnownFileType = sourcecode.swift; path = ControlClientTests.swift; sourceTree = "<group>"; };
		7649C543E2ABDA74FD5720A8 /* MockWindowsServerProcessTests.swift */ = {isa = PBXFileReference; includeInIndex = 1; lastKnownFileType = sourcecode.swift; path = MockWindowsServerProcessTests.swift; sourceTree = "<group>"; };
		77ADF72827EEE38A1C20D4AD /* PinnedTLSTransportTests.swift */ = {isa = PBXFileReference; includeInIndex = 1; lastKnownFileType = sourcecode.swift; path = PinnedTLSTransportTests.swift; sourceTree = "<group>"; };
		7F4FC859E171EA7B5B228E71 /* AudioValidationTests.swift */ = {isa = PBXFileReference; includeInIndex = 1; lastKnownFileType = sourcecode.swift; path = AudioValidationTests.swift; sourceTree = "<group>"; };
		7FE6F0BFE9802DEB0B10B6E5 /* SharedMic.app */ = {isa = PBXFileReference; explicitFileType = wrapper.application; includeInIndex = 0; path = SharedMic.app; sourceTree = BUILT_PRODUCTS_DIR; };
		86243568D161D0917E656732 /* Cocoa.framework */ = {isa = PBXFileReference; lastKnownFileType = wrapper.framework; name = Cocoa.framework; path = Platforms/MacOSX.platform/Developer/SDKs/MacOSX26.0.sdk/System/Library/Frameworks/Cocoa.framework; sourceTree = DEVELOPER_DIR; };
		8DEF34B891AA919637618637 /* VectorConformanceTests.swift */ = {isa = PBXFileReference; includeInIndex = 1; lastKnownFileType = sourcecode.swift; path = VectorConformanceTests.swift; sourceTree = "<group>"; };
		8F9AF21306AFD40AF45D8F10 /* Base32.swift */ = {isa = PBXFileReference; includeInIndex = 1; lastKnownFileType = sourcecode.swift; name = Base32.swift; path = Security/Base32.swift; sourceTree = "<group>"; };
		95C2554A90F006BC319E7880 /* ProtocolError.swift */ = {isa = PBXFileReference; includeInIndex = 1; lastKnownFileType = sourcecode.swift; name = ProtocolError.swift; path = Protocol/ProtocolError.swift; sourceTree = "<group>"; };
		965286AE79636AC55BC513E9 /* DriftControllerTests.swift */ = {isa = PBXFileReference; includeInIndex = 1; lastKnownFileType = sourcecode.swift; path = DriftControllerTests.swift; sourceTree = "<group>"; };
		97ABE6B67E9D0616187E2769 /* PairingStoreTests.swift */ = {isa = PBXFileReference; includeInIndex = 1; lastKnownFileType = sourcecode.swift; path = PairingStoreTests.swift; sourceTree = "<group>"; };
		9B633CD95004D6336D3CF5AB /* CoreAudioQuery.swift */ = {isa = PBXFileReference; includeInIndex = 1; lastKnownFileType = sourcecode.swift; name = CoreAudioQuery.swift; path = Audio/CoreAudioQuery.swift; sourceTree = "<group>"; };
		9EAD2E3C6C6FBCBDFF054028 /* BlackHoleDevice.swift */ = {isa = PBXFileReference; includeInIndex = 1; lastKnownFileType = sourcecode.swift; name = BlackHoleDevice.swift; path = Audio/BlackHoleDevice.swift; sourceTree = "<group>"; };
		A09818F8E919F298D0A3B175 /* DemandSettingsTests.swift */ = {isa = PBXFileReference; includeInIndex = 1; lastKnownFileType = sourcecode.swift; path = DemandSettingsTests.swift; sourceTree = "<group>"; };
		A2BDDF2C7F51B938D4D6DB78 /* FrameCodec.swift */ = {isa = PBXFileReference; includeInIndex = 1; lastKnownFileType = sourcecode.swift; name = FrameCodec.swift; path = Protocol/FrameCodec.swift; sourceTree = "<group>"; };
		AB153F93D90F1D94B526ECFA /* ControlCodec.swift */ = {isa = PBXFileReference; includeInIndex = 1; lastKnownFileType = sourcecode.swift; name = ControlCodec.swift; path = Protocol/ControlCodec.swift; sourceTree = "<group>"; };
		ACD55833392729F1FCA7A9C4 /* AppModelTests.swift */ = {isa = PBXFileReference; includeInIndex = 1; lastKnownFileType = sourcecode.swift; path = AppModelTests.swift; sourceTree = "<group>"; };
		B15BB949262DFB2938432336 /* PairingString.swift */ = {isa = PBXFileReference; includeInIndex = 1; lastKnownFileType = sourcecode.swift; name = PairingString.swift; path = Security/PairingString.swift; sourceTree = "<group>"; };
		BA76D3C1A0B76100B89D452A /* HostDiscovery.swift */ = {isa = PBXFileReference; includeInIndex = 1; lastKnownFileType = sourcecode.swift; name = HostDiscovery.swift; path = Net/HostDiscovery.swift; sourceTree = "<group>"; };
		BAAFD2D28E81A20918B0878C /* FrameCodecTests.swift */ = {isa = PBXFileReference; includeInIndex = 1; lastKnownFileType = sourcecode.swift; path = FrameCodecTests.swift; sourceTree = "<group>"; };
		BABC520422E7E35EE1342AB1 /* DiagnosticsSnapshotTests.swift */ = {isa = PBXFileReference; includeInIndex = 1; lastKnownFileType = sourcecode.swift; path = DiagnosticsSnapshotTests.swift; sourceTree = "<group>"; };
		BF97894EBA7EF68A19A6418F /* AudioFrameCodecTests.swift */ = {isa = PBXFileReference; includeInIndex = 1; lastKnownFileType = sourcecode.swift; path = AudioFrameCodecTests.swift; sourceTree = "<group>"; };
		BFE635419287192352CF2D82 /* MeasurementTests.swift */ = {isa = PBXFileReference; includeInIndex = 1; lastKnownFileType = sourcecode.swift; path = MeasurementTests.swift; sourceTree = "<group>"; };
		C2DA03B0C68DE135E0C34CBB /* AuthProofTests.swift */ = {isa = PBXFileReference; includeInIndex = 1; lastKnownFileType = sourcecode.swift; path = AuthProofTests.swift; sourceTree = "<group>"; };
		C39A9C0C26E2507FC94EC561 /* CoordinatorDiagnosticsTests.swift */ = {isa = PBXFileReference; includeInIndex = 1; lastKnownFileType = sourcecode.swift; path = CoordinatorDiagnosticsTests.swift; sourceTree = "<group>"; };
		C7BF38FB577967C7AE92852B /* LoginItemManagerTests.swift */ = {isa = PBXFileReference; includeInIndex = 1; lastKnownFileType = sourcecode.swift; path = LoginItemManagerTests.swift; sourceTree = "<group>"; };
		C9FAF87B6C8910B58D33796E /* RecordingRenderer.swift */ = {isa = PBXFileReference; includeInIndex = 1; lastKnownFileType = sourcecode.swift; name = RecordingRenderer.swift; path = Support/RecordingRenderer.swift; sourceTree = "<group>"; };
		CC80099748C1A18CDDD0883B /* SharedMicApp.swift */ = {isa = PBXFileReference; includeInIndex = 1; lastKnownFileType = sourcecode.swift; name = SharedMicApp.swift; path = App/SharedMicApp.swift; sourceTree = "<group>"; };
		CD9225BA4B701C914E3D20D8 /* ProtocolConstants.swift */ = {isa = PBXFileReference; includeInIndex = 1; lastKnownFileType = sourcecode.swift; name = ProtocolConstants.swift; path = Protocol/ProtocolConstants.swift; sourceTree = "<group>"; };
		D36715698F050704A48F855E /* ControlCodecTests.swift */ = {isa = PBXFileReference; includeInIndex = 1; lastKnownFileType = sourcecode.swift; path = ControlCodecTests.swift; sourceTree = "<group>"; };
		DAC0C2DF921653745ED47719 /* ConnectionCoordinator.swift */ = {isa = PBXFileReference; includeInIndex = 1; lastKnownFileType = sourcecode.swift; name = ConnectionCoordinator.swift; path = Net/ConnectionCoordinator.swift; sourceTree = "<group>"; };
		DDA7C57F31CDC5349C2D8D10 /* DemandSettings.swift */ = {isa = PBXFileReference; includeInIndex = 1; lastKnownFileType = sourcecode.swift; name = DemandSettings.swift; path = Session/DemandSettings.swift; sourceTree = "<group>"; };
		DDE78A6FD27FEA2F34500F96 /* SessionController.swift */ = {isa = PBXFileReference; includeInIndex = 1; lastKnownFileType = sourcecode.swift; name = SessionController.swift; path = Session/SessionController.swift; sourceTree = "<group>"; };
		E2F886F185DB98F455CA2AF8 /* AudioDemandObserver.swift */ = {isa = PBXFileReference; includeInIndex = 1; lastKnownFileType = sourcecode.swift; name = AudioDemandObserver.swift; path = Audio/AudioDemandObserver.swift; sourceTree = "<group>"; };
		F3CCBBB3E6D6E408BC079B46 /* ConnectionCoordinatorTests.swift */ = {isa = PBXFileReference; includeInIndex = 1; lastKnownFileType = sourcecode.swift; path = ConnectionCoordinatorTests.swift; sourceTree = "<group>"; };
		FD84E1470FD2AA690965077C /* ReconnectPolicy.swift */ = {isa = PBXFileReference; includeInIndex = 1; lastKnownFileType = sourcecode.swift; name = ReconnectPolicy.swift; path = Session/ReconnectPolicy.swift; sourceTree = "<group>"; };
/* End PBXFileReference section */

/* Begin PBXFrameworksBuildPhase section */
		1A0D1EE0DC3C76BBEFB6867F /* Frameworks */ = {
			isa = PBXFrameworksBuildPhase;
			buildActionMask = 2147483647;
			files = (
				180AEB0CCF6451F540A33784 /* Cocoa.framework in Frameworks */,
			);
			runOnlyForDeploymentPostprocessing = 0;
		};
		CDCCFDE5EBE768030CD97D4B /* Frameworks */ = {
			isa = PBXFrameworksBuildPhase;
			buildActionMask = 2147483647;
			files = (
				129873D28D11FAEA13B8485D /* Cocoa.framework in Frameworks */,
			);
			runOnlyForDeploymentPostprocessing = 0;
		};
/* End PBXFrameworksBuildPhase section */

/* Begin PBXGroup section */
		191B07757804617CD3C8840E = {
			isa = PBXGroup;
			children = (
				29E27E073E5C3CF3C0A2A925 /* Products */,
				360AAE38767450DFDC335FFA /* Frameworks */,
				E67C682C70A5A584018A26B0 /* SharedMic */,
				1E606469320C281AD7C03557 /* SharedMicTests */,
			);
			sourceTree = "<group>";
		};
		1E606469320C281AD7C03557 /* SharedMicTests */ = {
			isa = PBXGroup;
			children = (
				ACD55833392729F1FCA7A9C4 /* AppModelTests.swift */,
				546927D50FC2C875F6926087 /* AudioDemandObserverTests.swift */,
				BF97894EBA7EF68A19A6418F /* AudioFrameCodecTests.swift */,
				3F1007F1E83A522E548039FF /* AudioRendererTests.swift */,
				7F4FC859E171EA7B5B228E71 /* AudioValidationTests.swift */,
				C2DA03B0C68DE135E0C34CBB /* AuthProofTests.swift */,
				41655867EB3CFAB0475D3388 /* BlackHoleDeviceTests.swift */,
				F3CCBBB3E6D6E408BC079B46 /* ConnectionCoordinatorTests.swift */,
				7448E74B3975663228CE0239 /* ControlClientTests.swift */,
				D36715698F050704A48F855E /* ControlCodecTests.swift */,
				C39A9C0C26E2507FC94EC561 /* CoordinatorDiagnosticsTests.swift */,
				A09818F8E919F298D0A3B175 /* DemandSettingsTests.swift */,
				07D01F574F2E58C4408C9C0A /* DemandSnapshotTests.swift */,
				BABC520422E7E35EE1342AB1 /* DiagnosticsSnapshotTests.swift */,
				965286AE79636AC55BC513E9 /* DriftControllerTests.swift */,
				72F4432D984DEEC4FEEE4A14 /* FrameBufferTests.swift */,
				BAAFD2D28E81A20918B0878C /* FrameCodecTests.swift */,
				2346AF2EEE1FBECAFFEBF96D /* HeartbeatMonitorTests.swift */,
				1284D93C541419D980C94AB8 /* HexTests.swift */,
				46E1C895DC5A85EC1D35E9F3 /* HostDiscoveryTests.swift */,
				C7BF38FB577967C7AE92852B /* LoginItemManagerTests.swift */,
				BFE635419287192352CF2D82 /* MeasurementTests.swift */,
				7649C543E2ABDA74FD5720A8 /* MockWindowsServerProcessTests.swift */,
				6D889962AAF614C2E024DFA2 /* PCMRingBufferTests.swift */,
				97ABE6B67E9D0616187E2769 /* PairingStoreTests.swift */,
				3E8A95416D5DDA62AA618B4F /* PairingStringTests.swift */,
				77ADF72827EEE38A1C20D4AD /* PinnedTLSTransportTests.swift */,
				319EA696319E6A68B29A39DE /* ProtocolConstantsTests.swift */,
				1D8D717ADB0DFA413FBA6BD9 /* ReconnectPolicyTests.swift */,
				2E6BB0E45F3E56746675B3BC /* SessionControllerTests.swift */,
				461DBFF8709ADF8563CD17EA /* SessionDemandTests.swift */,
				3EB3C23F9553440F98F53EBD /* FakeHostBrowser.swift */,
				152EEFC6801FF1CD054D1963 /* FakeLoginItem.swift */,
				2F8B02D83073F5A7BF34184D /* MockWindowsServerProcess.swift */,
				C9FAF87B6C8910B58D33796E /* RecordingRenderer.swift */,
				48CDCBCFCD2B5610942B1309 /* RepositoryPaths.swift */,
				8DEF34B891AA919637618637 /* VectorConformanceTests.swift */,
			);
			name = SharedMicTests;
			path = SharedMicTests;
			sourceTree = "<group>";
		};
		29E27E073E5C3CF3C0A2A925 /* Products */ = {
			isa = PBXGroup;
			children = (
				7FE6F0BFE9802DEB0B10B6E5 /* SharedMic.app */,
				61194B5DDB19E3DACA275E56 /* SharedMicTests.xctest */,
			);
			name = Products;
			sourceTree = "<group>";
		};
		360AAE38767450DFDC335FFA /* Frameworks */ = {
			isa = PBXGroup;
			children = (
				AC7FA70789F226DEB0ABC4D1 /* OS X */,
			);
			name = Frameworks;
			sourceTree = "<group>";
		};
		AC7FA70789F226DEB0ABC4D1 /* OS X */ = {
			isa = PBXGroup;
			children = (
				86243568D161D0917E656732 /* Cocoa.framework */,
			);
			name = "OS X";
			sourceTree = "<group>";
		};
		E67C682C70A5A584018A26B0 /* SharedMic */ = {
			isa = PBXGroup;
			children = (
				01199C1EAB0B88FFF399C8A2 /* AppModel.swift */,
				2D267FB627561BF844DD9D73 /* LoginItemManager.swift */,
				0FD0F421B2F5711EF236648A /* MenuBarView.swift */,
				CC80099748C1A18CDDD0883B /* SharedMicApp.swift */,
				E2F886F185DB98F455CA2AF8 /* AudioDemandObserver.swift */,
				0EB1E2C7363F125A8B176DB4 /* AudioRenderer.swift */,
				9EAD2E3C6C6FBCBDFF054028 /* BlackHoleDevice.swift */,
				9B633CD95004D6336D3CF5AB /* CoreAudioQuery.swift */,
				5395E20737AF136E4D384C41 /* DemandSnapshot.swift */,
				07FECDD9BCABE976DAA6755A /* DriftController.swift */,
				2875F91EC33338FD98B05295 /* PCMRingBuffer.swift */,
				03EAFAA01A5A48760E1D841D /* SystemInputDevice.swift */,
				DAC0C2DF921653745ED47719 /* ConnectionCoordinator.swift */,
				0177FA7F766BD6277EC641C1 /* ControlClient.swift */,
				BA76D3C1A0B76100B89D452A /* HostDiscovery.swift */,
				08AC48C027A29200F6F150F3 /* PinnedTLSTransport.swift */,
				2772D2B84CB59ABE698FBE23 /* AudioFrameCodec.swift */,
				AB153F93D90F1D94B526ECFA /* ControlCodec.swift */,
				1C0B9477EF9AC2309B77D7A4 /* ControlMessage.swift */,
				5EA98503B322489F02B49AFA /* FrameBuffer.swift */,
				A2BDDF2C7F51B938D4D6DB78 /* FrameCodec.swift */,
				015C066EB677991A569305A5 /* Hex.swift */,
				CD9225BA4B701C914E3D20D8 /* ProtocolConstants.swift */,
				95C2554A90F006BC319E7880 /* ProtocolError.swift */,
				3F900C4C6463191A034D7F1C /* AuthProof.swift */,
				8F9AF21306AFD40AF45D8F10 /* Base32.swift */,
				4FAC818710F59E2E4823A8C9 /* PairingStore.swift */,
				B15BB949262DFB2938432336 /* PairingString.swift */,
				DDA7C57F31CDC5349C2D8D10 /* DemandSettings.swift */,
				086F4668BCDB2440396BFED1 /* DiagnosticsSnapshot.swift */,
				247E03ADC302CF369D710415 /* HeartbeatMonitor.swift */,
				FD84E1470FD2AA690965077C /* ReconnectPolicy.swift */,
				DDE78A6FD27FEA2F34500F96 /* SessionController.swift */,
			);
			name = SharedMic;
			path = SharedMic;
			sourceTree = "<group>";
		};
/* End PBXGroup section */

/* Begin PBXNativeTarget section */
		5E574B0229667C8A7FD8430B /* SharedMicTests */ = {
			isa = PBXNativeTarget;
			buildConfigurationList = 28E75191AD9085F56C65428B /* Build configuration list for PBXNativeTarget "SharedMicTests" */;
			buildPhases = (
				22F15AFA67066E4585611B5C /* Sources */,
				CDCCFDE5EBE768030CD97D4B /* Frameworks */,
				746DA9FE1F650B4950A71B11 /* Resources */,
			);
			buildRules = (
			);
			dependencies = (
				0F67F45E1C51D4C18BF98294 /* PBXTargetDependency */,
			);
			name = SharedMicTests;
			productName = SharedMicTests;
			productReference = 61194B5DDB19E3DACA275E56 /* SharedMicTests.xctest */;
			productType = "com.apple.product-type.bundle.unit-test";
		};
		CDDB5550533B87F6C4863DFF /* SharedMic */ = {
			isa = PBXNativeTarget;
			buildConfigurationList = 336853BD0C65B1FA937E8350 /* Build configuration list for PBXNativeTarget "SharedMic" */;
			buildPhases = (
				7F58128F29B32D6334EFCB01 /* Sources */,
				1A0D1EE0DC3C76BBEFB6867F /* Frameworks */,
				8FD49DA39C37EEA5BCAAB732 /* Resources */,
			);
			buildRules = (
			);
			dependencies = (
			);
			name = SharedMic;
			productName = SharedMic;
			productReference = 7FE6F0BFE9802DEB0B10B6E5 /* SharedMic.app */;
			productType = "com.apple.product-type.application";
		};
/* End PBXNativeTarget section */

/* Begin PBXProject section */
		3DB05F3095743260841033A3 /* Project object */ = {
			isa = PBXProject;
			attributes = {
				LastSwiftUpdateCheck = 1600;
				LastUpgradeCheck = 1600;
			};
			buildConfigurationList = 7084D86B7817C055118A55D6 /* Build configuration list for PBXProject "SharedMic" */;
			compatibilityVersion = "Xcode 3.2";
			developmentRegion = en;
			hasScannedForEncodings = 0;
			knownRegions = (
				en,
				Base,
			);
			mainGroup = 191B07757804617CD3C8840E;
			minimizedProjectReferenceProxies = 0;
			preferredProjectObjectVersion = 100;
			productRefGroup = 29E27E073E5C3CF3C0A2A925 /* Products */;
			projectDirPath = "";
			projectRoot = "";
			targets = (
				CDDB5550533B87F6C4863DFF /* SharedMic */,
				5E574B0229667C8A7FD8430B /* SharedMicTests */,
			);
		};
/* End PBXProject section */

/* Begin PBXResourcesBuildPhase section */
		746DA9FE1F650B4950A71B11 /* Resources */ = {
			isa = PBXResourcesBuildPhase;
			buildActionMask = 2147483647;
			files = (
			);
			runOnlyForDeploymentPostprocessing = 0;
		};
		8FD49DA39C37EEA5BCAAB732 /* Resources */ = {
			isa = PBXResourcesBuildPhase;
			buildActionMask = 2147483647;
			files = (
			);
			runOnlyForDeploymentPostprocessing = 0;
		};
/* End PBXResourcesBuildPhase section */

/* Begin PBXSourcesBuildPhase section */
		22F15AFA67066E4585611B5C /* Sources */ = {
			isa = PBXSourcesBuildPhase;
			buildActionMask = 2147483647;
			files = (
				E8AB2454DB09F5E96BFF34BD /* AppModelTests.swift in Sources */,
				9F7069F3FF359BEB79AEED50 /* AudioDemandObserverTests.swift in Sources */,
				3103B542E09C9467BFBB365B /* AudioFrameCodecTests.swift in Sources */,
				B1DCF4B473069E2FC51B5808 /* AudioRendererTests.swift in Sources */,
				EC7491DD78476C2872795D46 /* AudioValidationTests.swift in Sources */,
				71642377BA2C3EB6E5428877 /* AuthProofTests.swift in Sources */,
				EDD064129037CD84010DA3ED /* BlackHoleDeviceTests.swift in Sources */,
				AB8CC87E4B6A2922A9D2D80B /* ConnectionCoordinatorTests.swift in Sources */,
				5E979FCE0765DE5CFC71FEA2 /* ControlClientTests.swift in Sources */,
				D80D5328465D485DA6F8E834 /* ControlCodecTests.swift in Sources */,
				8B961243B72CE83D2ECDBAD1 /* CoordinatorDiagnosticsTests.swift in Sources */,
				5129E78C97A3F80C962EA1D4 /* DemandSettingsTests.swift in Sources */,
				CE16711C3AE8E35AB41E0F2E /* DemandSnapshotTests.swift in Sources */,
				9D376B2E91AC89558D1D35F8 /* DiagnosticsSnapshotTests.swift in Sources */,
				48D957C084E967504BCFE4D9 /* DriftControllerTests.swift in Sources */,
				66BF8D3DC146D76F432197FA /* FrameBufferTests.swift in Sources */,
				324AE4D64F52B269B1EF0E8C /* FrameCodecTests.swift in Sources */,
				EC24535B8BBD286C7D9DBFBF /* HeartbeatMonitorTests.swift in Sources */,
				B26FF48A1B42C2B2DD85F177 /* HexTests.swift in Sources */,
				96C5595D84D3ADFBF4270FCF /* HostDiscoveryTests.swift in Sources */,
				9739D68EBFBFAE4C719A538F /* LoginItemManagerTests.swift in Sources */,
				EECD0C6267172A018878DBFC /* MeasurementTests.swift in Sources */,
				AC8780B3F84F1FE80FA70FDF /* MockWindowsServerProcessTests.swift in Sources */,
				C63800F4AD2C40040995A5EF /* PCMRingBufferTests.swift in Sources */,
				65E7F3430451C43C12A46CFF /* PairingStoreTests.swift in Sources */,
				5AAED40E44929757D5FB4C5A /* PairingStringTests.swift in Sources */,
				5A1FDCCBCAC29D899CADFFB6 /* PinnedTLSTransportTests.swift in Sources */,
				E8BEF55FBDA5E65B8C1DEB14 /* ProtocolConstantsTests.swift in Sources */,
				F5AF0F72E0CA7F8C33170FDD /* ReconnectPolicyTests.swift in Sources */,
				66AAAC570355EB3B36AC272F /* SessionControllerTests.swift in Sources */,
				705147A650E9B28F6A8C0D6B /* SessionDemandTests.swift in Sources */,
				F9A68FA2FB66E34567A6F2F2 /* FakeHostBrowser.swift in Sources */,
				3A5E2A350CECFDED47EAE1E8 /* FakeLoginItem.swift in Sources */,
				A4E53781F1DBD20A7E937142 /* MockWindowsServerProcess.swift in Sources */,
				7FCAFA9DAD0B9D354E2721E1 /* RecordingRenderer.swift in Sources */,
				72536520769853F9F9C8548C /* RepositoryPaths.swift in Sources */,
				F7844928B8219DD1B14F3687 /* VectorConformanceTests.swift in Sources */,
			);
			runOnlyForDeploymentPostprocessing = 0;
		};
		7F58128F29B32D6334EFCB01 /* Sources */ = {
			isa = PBXSourcesBuildPhase;
			buildActionMask = 2147483647;
			files = (
				5C53000D3D3B6936C28745D8 /* AppModel.swift in Sources */,
				3473597803F7340A8DFA3348 /* LoginItemManager.swift in Sources */,
				17DBEF2BBF8D23C3864C0111 /* MenuBarView.swift in Sources */,
				171366151CDEF33CE8D209D0 /* SharedMicApp.swift in Sources */,
				1DC758B5D500145F89F66A8C /* AudioDemandObserver.swift in Sources */,
				4FEC15987D160497E5DFEC39 /* AudioRenderer.swift in Sources */,
				D8A399075847B3B80ADAA43B /* BlackHoleDevice.swift in Sources */,
				0215040A7428425D177B880C /* CoreAudioQuery.swift in Sources */,
				5328E5BA3C9DBFD070062922 /* DemandSnapshot.swift in Sources */,
				8A3DF7E6EB58103538EDC988 /* DriftController.swift in Sources */,
				32FCE7F9C118BCD863D86AF5 /* PCMRingBuffer.swift in Sources */,
				59F6E097CBD92728CCF2CF77 /* SystemInputDevice.swift in Sources */,
				461500CA2C40C4480E1F4EAF /* ConnectionCoordinator.swift in Sources */,
				9AFC018AF0FC1571E5D91A3C /* ControlClient.swift in Sources */,
				331005BBD53421C3462596E5 /* HostDiscovery.swift in Sources */,
				43374115196B23F74E034F02 /* PinnedTLSTransport.swift in Sources */,
				8FE856CEEAC110F6B70EC31E /* AudioFrameCodec.swift in Sources */,
				8BF0F2A44A4E492E80F91C76 /* ControlCodec.swift in Sources */,
				A14480ABFD9627F93712E219 /* ControlMessage.swift in Sources */,
				9504B40563A86C5FEA8266B2 /* FrameBuffer.swift in Sources */,
				BC1FCCF82614A8FF0DA860B1 /* FrameCodec.swift in Sources */,
				D9E5080B83445FAD85893315 /* Hex.swift in Sources */,
				936D34CD910BEB56742FD6E7 /* ProtocolConstants.swift in Sources */,
				0AF11F1DDD9618FF1E073139 /* ProtocolError.swift in Sources */,
				77F6B0FE3E86BB1B43443FDB /* AuthProof.swift in Sources */,
				B733616362DE2281B6B271E2 /* Base32.swift in Sources */,
				F0E3ACDC5459D0E859478618 /* PairingStore.swift in Sources */,
				18571D5267B9DF89D8B97804 /* PairingString.swift in Sources */,
				EC37DC398D2EBF95EC801406 /* DemandSettings.swift in Sources */,
				AE210096054F11A085C3E489 /* DiagnosticsSnapshot.swift in Sources */,
				0A4657597F508B7285B0BC4D /* HeartbeatMonitor.swift in Sources */,
				29C7D04383FE43A68F13A37B /* ReconnectPolicy.swift in Sources */,
				90D806218A2431786BB14A7A /* SessionController.swift in Sources */,
			);
			runOnlyForDeploymentPostprocessing = 0;
		};
/* End PBXSourcesBuildPhase section */

/* Begin PBXTargetDependency section */
		0F67F45E1C51D4C18BF98294 /* PBXTargetDependency */ = {
			isa = PBXTargetDependency;
			name = SharedMic;
			target = CDDB5550533B87F6C4863DFF /* SharedMic */;
			targetProxy = C47E1F46085AF1DB73A6BA33 /* PBXContainerItemProxy */;
		};
/* End PBXTargetDependency section */

/* Begin XCBuildConfiguration section */
		0604850BEF1B646DACF0F002 /* Release */ = {
			isa = XCBuildConfiguration;
			buildSettings = {
				BUNDLE_LOADER = "$(TEST_HOST)";
				CODE_SIGN_IDENTITY = "-";
				CODE_SIGN_STYLE = Automatic;
				GENERATE_INFOPLIST_FILE = YES;
				MACOSX_DEPLOYMENT_TARGET = 14.4;
				PRODUCT_BUNDLE_IDENTIFIER = com.sharedmic.SharedMicTests;
				PRODUCT_NAME = SharedMicTests;
				SDKROOT = macosx;
				SWIFT_VERSION = 5.0;
				TEST_HOST = "$(BUILT_PRODUCTS_DIR)/SharedMic.app/Contents/MacOS/SharedMic";
			};
			name = Release;
		};
		359664D638494118B5A9C349 /* Debug */ = {
			isa = XCBuildConfiguration;
			buildSettings = {
				ALWAYS_SEARCH_USER_PATHS = NO;
				CLANG_ANALYZER_NONNULL = YES;
				CLANG_ANALYZER_NUMBER_OBJECT_CONVERSION = YES_AGGRESSIVE;
				CLANG_CXX_LANGUAGE_STANDARD = "gnu++14";
				CLANG_CXX_LIBRARY = "libc++";
				CLANG_ENABLE_MODULES = YES;
				CLANG_ENABLE_OBJC_ARC = YES;
				CLANG_ENABLE_OBJC_WEAK = YES;
				CLANG_WARN_BLOCK_CAPTURE_AUTORELEASING = YES;
				CLANG_WARN_BOOL_CONVERSION = YES;
				CLANG_WARN_COMMA = YES;
				CLANG_WARN_CONSTANT_CONVERSION = YES;
				CLANG_WARN_DEPRECATED_OBJC_IMPLEMENTATIONS = YES;
				CLANG_WARN_DIRECT_OBJC_ISA_USAGE = YES_ERROR;
				CLANG_WARN_DOCUMENTATION_COMMENTS = YES;
				CLANG_WARN_EMPTY_BODY = YES;
				CLANG_WARN_ENUM_CONVERSION = YES;
				CLANG_WARN_INFINITE_RECURSION = YES;
				CLANG_WARN_INT_CONVERSION = YES;
				CLANG_WARN_NON_LITERAL_NULL_CONVERSION = YES;
				CLANG_WARN_OBJC_IMPLICIT_RETAIN_SELF = YES;
				CLANG_WARN_OBJC_LITERAL_CONVERSION = YES;
				CLANG_WARN_OBJC_ROOT_CLASS = YES_ERROR;
				CLANG_WARN_QUOTED_INCLUDE_IN_FRAMEWORK_HEADER = YES;
				CLANG_WARN_RANGE_LOOP_ANALYSIS = YES;
				CLANG_WARN_STRICT_PROTOTYPES = YES;
				CLANG_WARN_SUSPICIOUS_MOVE = YES;
				CLANG_WARN_UNGUARDED_AVAILABILITY = YES_AGGRESSIVE;
				CLANG_WARN_UNREACHABLE_CODE = YES;
				CLANG_WARN__DUPLICATE_METHOD_MATCH = YES;
				COPY_PHASE_STRIP = NO;
				DEBUG_INFORMATION_FORMAT = dwarf;
				ENABLE_STRICT_OBJC_MSGSEND = YES;
				ENABLE_TESTABILITY = YES;
				GCC_C_LANGUAGE_STANDARD = gnu11;
				GCC_DYNAMIC_NO_PIC = NO;
				GCC_NO_COMMON_BLOCKS = YES;
				GCC_OPTIMIZATION_LEVEL = 0;
				GCC_PREPROCESSOR_DEFINITIONS = (
					"DEBUG=1",
					"$(inherited)",
				);
				GCC_WARN_64_TO_32_BIT_CONVERSION = YES;
				GCC_WARN_ABOUT_RETURN_TYPE = YES_ERROR;
				GCC_WARN_UNDECLARED_SELECTOR = YES;
				GCC_WARN_UNINITIALIZED_AUTOS = YES_AGGRESSIVE;
				GCC_WARN_UNUSED_FUNCTION = YES;
				GCC_WARN_UNUSED_VARIABLE = YES;
				MACOSX_DEPLOYMENT_TARGET = 14.4;
				MTL_ENABLE_DEBUG_INFO = INCLUDE_SOURCE;
				MTL_FAST_MATH = YES;
				ONLY_ACTIVE_ARCH = YES;
				PRODUCT_NAME = "$(TARGET_NAME)";
				SDKROOT = macosx;
				SWIFT_ACTIVE_COMPILATION_CONDITIONS = DEBUG;
				SWIFT_OPTIMIZATION_LEVEL = "-Onone";
				SWIFT_VERSION = 5.0;
			};
			name = Debug;
		};
		56A4461BC4D530B7ECC91C15 /* Debug */ = {
			isa = XCBuildConfiguration;
			buildSettings = {
				ASSETCATALOG_COMPILER_APPICON_NAME = AppIcon;
				ASSETCATALOG_COMPILER_GLOBAL_ACCENT_COLOR_NAME = AccentColor;
				CODE_SIGN_IDENTITY = "-";
				CODE_SIGN_STYLE = Automatic;
				COMBINE_HIDPI_IMAGES = YES;
				ENABLE_HARDENED_RUNTIME = YES;
				GENERATE_INFOPLIST_FILE = NO;
				INFOPLIST_FILE = SharedMic/Info.plist;
				LD_RUNPATH_SEARCH_PATHS = "$(inherited) @executable_path/../Frameworks";
				MACOSX_DEPLOYMENT_TARGET = 14.4;
				PRODUCT_BUNDLE_IDENTIFIER = com.sharedmic.SharedMic;
				PRODUCT_NAME = SharedMic;
				SDKROOT = macosx;
				SWIFT_VERSION = 5.0;
			};
			name = Debug;
		};
		5B2AA37B6CB6AA69057A62B0 /* Release */ = {
			isa = XCBuildConfiguration;
			buildSettings = {
				ASSETCATALOG_COMPILER_APPICON_NAME = AppIcon;
				ASSETCATALOG_COMPILER_GLOBAL_ACCENT_COLOR_NAME = AccentColor;
				CODE_SIGN_IDENTITY = "-";
				CODE_SIGN_STYLE = Automatic;
				COMBINE_HIDPI_IMAGES = YES;
				ENABLE_HARDENED_RUNTIME = YES;
				GENERATE_INFOPLIST_FILE = NO;
				INFOPLIST_FILE = SharedMic/Info.plist;
				LD_RUNPATH_SEARCH_PATHS = "$(inherited) @executable_path/../Frameworks";
				MACOSX_DEPLOYMENT_TARGET = 14.4;
				PRODUCT_BUNDLE_IDENTIFIER = com.sharedmic.SharedMic;
				PRODUCT_NAME = SharedMic;
				SDKROOT = macosx;
				SWIFT_VERSION = 5.0;
			};
			name = Release;
		};
		69D40361A9DEF54599BAF7BF /* Release */ = {
			isa = XCBuildConfiguration;
			buildSettings = {
				ALWAYS_SEARCH_USER_PATHS = NO;
				CLANG_ANALYZER_NONNULL = YES;
				CLANG_ANALYZER_NUMBER_OBJECT_CONVERSION = YES_AGGRESSIVE;
				CLANG_CXX_LANGUAGE_STANDARD = "gnu++14";
				CLANG_CXX_LIBRARY = "libc++";
				CLANG_ENABLE_MODULES = YES;
				CLANG_ENABLE_OBJC_ARC = YES;
				CLANG_ENABLE_OBJC_WEAK = YES;
				CLANG_WARN_BLOCK_CAPTURE_AUTORELEASING = YES;
				CLANG_WARN_BOOL_CONVERSION = YES;
				CLANG_WARN_COMMA = YES;
				CLANG_WARN_CONSTANT_CONVERSION = YES;
				CLANG_WARN_DEPRECATED_OBJC_IMPLEMENTATIONS = YES;
				CLANG_WARN_DIRECT_OBJC_ISA_USAGE = YES_ERROR;
				CLANG_WARN_DOCUMENTATION_COMMENTS = YES;
				CLANG_WARN_EMPTY_BODY = YES;
				CLANG_WARN_ENUM_CONVERSION = YES;
				CLANG_WARN_INFINITE_RECURSION = YES;
				CLANG_WARN_INT_CONVERSION = YES;
				CLANG_WARN_NON_LITERAL_NULL_CONVERSION = YES;
				CLANG_WARN_OBJC_IMPLICIT_RETAIN_SELF = YES;
				CLANG_WARN_OBJC_LITERAL_CONVERSION = YES;
				CLANG_WARN_OBJC_ROOT_CLASS = YES_ERROR;
				CLANG_WARN_QUOTED_INCLUDE_IN_FRAMEWORK_HEADER = YES;
				CLANG_WARN_RANGE_LOOP_ANALYSIS = YES;
				CLANG_WARN_STRICT_PROTOTYPES = YES;
				CLANG_WARN_SUSPICIOUS_MOVE = YES;
				CLANG_WARN_UNGUARDED_AVAILABILITY = YES_AGGRESSIVE;
				CLANG_WARN_UNREACHABLE_CODE = YES;
				CLANG_WARN__DUPLICATE_METHOD_MATCH = YES;
				COPY_PHASE_STRIP = NO;
				DEBUG_INFORMATION_FORMAT = "dwarf-with-dsym";
				ENABLE_NS_ASSERTIONS = NO;
				ENABLE_STRICT_OBJC_MSGSEND = YES;
				GCC_C_LANGUAGE_STANDARD = gnu11;
				GCC_NO_COMMON_BLOCKS = YES;
				GCC_WARN_64_TO_32_BIT_CONVERSION = YES;
				GCC_WARN_ABOUT_RETURN_TYPE = YES_ERROR;
				GCC_WARN_UNDECLARED_SELECTOR = YES;
				GCC_WARN_UNINITIALIZED_AUTOS = YES_AGGRESSIVE;
				GCC_WARN_UNUSED_FUNCTION = YES;
				GCC_WARN_UNUSED_VARIABLE = YES;
				MACOSX_DEPLOYMENT_TARGET = 14.4;
				MTL_ENABLE_DEBUG_INFO = NO;
				MTL_FAST_MATH = YES;
				PRODUCT_NAME = "$(TARGET_NAME)";
				SDKROOT = macosx;
				SWIFT_COMPILATION_MODE = wholemodule;
				SWIFT_OPTIMIZATION_LEVEL = "-O";
				SWIFT_VERSION = 5.0;
			};
			name = Release;
		};
		DD3070EBC355F30C26B83561 /* Debug */ = {
			isa = XCBuildConfiguration;
			buildSettings = {
				BUNDLE_LOADER = "$(TEST_HOST)";
				CODE_SIGN_IDENTITY = "-";
				CODE_SIGN_STYLE = Automatic;
				GENERATE_INFOPLIST_FILE = YES;
				MACOSX_DEPLOYMENT_TARGET = 14.4;
				PRODUCT_BUNDLE_IDENTIFIER = com.sharedmic.SharedMicTests;
				PRODUCT_NAME = SharedMicTests;
				SDKROOT = macosx;
				SWIFT_VERSION = 5.0;
				TEST_HOST = "$(BUILT_PRODUCTS_DIR)/SharedMic.app/Contents/MacOS/SharedMic";
			};
			name = Debug;
		};
/* End XCBuildConfiguration section */

/* Begin XCConfigurationList section */
		28E75191AD9085F56C65428B /* Build configuration list for PBXNativeTarget "SharedMicTests" */ = {
			isa = XCConfigurationList;
			buildConfigurations = (
				0604850BEF1B646DACF0F002 /* Release */,
				DD3070EBC355F30C26B83561 /* Debug */,
			);
			defaultConfigurationIsVisible = 0;
			defaultConfigurationName = Release;
		};
		336853BD0C65B1FA937E8350 /* Build configuration list for PBXNativeTarget "SharedMic" */ = {
			isa = XCConfigurationList;
			buildConfigurations = (
				5B2AA37B6CB6AA69057A62B0 /* Release */,
				56A4461BC4D530B7ECC91C15 /* Debug */,
			);
			defaultConfigurationIsVisible = 0;
			defaultConfigurationName = Release;
		};
		7084D86B7817C055118A55D6 /* Build configuration list for PBXProject "SharedMic" */ = {
			isa = XCConfigurationList;
			buildConfigurations = (
				359664D638494118B5A9C349 /* Debug */,
				69D40361A9DEF54599BAF7BF /* Release */,
			);
			defaultConfigurationIsVisible = 0;
			defaultConfigurationName = Release;
		};
/* End XCConfigurationList section */
	};
	rootObject = 3DB05F3095743260841033A3 /* Project object */;
}
