// !$*UTF8*$!
{
	archiveVersion = 1;
	classes = {
	};
	objectVersion = 46;
	objects = {

/* Begin PBXBuildFile section */
		021EF3D5DAB920608C654B64 /* FrameCodecTests.swift in Sources */ = {isa = PBXBuildFile; fileRef = B88B2C81B4FCBED52118A591 /* FrameCodecTests.swift */; };
		080B8F24F60745B49603712F /* MockWindowsServerProcessTests.swift in Sources */ = {isa = PBXBuildFile; fileRef = 9B3956219089A3FE86A63BF4 /* MockWindowsServerProcessTests.swift */; };
		0B0BFC6297B1DEB5AF14B686 /* Hex.swift in Sources */ = {isa = PBXBuildFile; fileRef = A2746A46D00013B882AC7355 /* Hex.swift */; };
		141AAC479F1AA86E95C28B38 /* BlackHoleDeviceTests.swift in Sources */ = {isa = PBXBuildFile; fileRef = 320BB9D0F1309FD3AD0A9A36 /* BlackHoleDeviceTests.swift */; };
		141C691C407B4CD2442C4DBC /* DemandSnapshotTests.swift in Sources */ = {isa = PBXBuildFile; fileRef = 703ACA8E1DAC58F12BF921D8 /* DemandSnapshotTests.swift */; };
		154105C2CE9A39DFA191AE31 /* DemandSnapshot.swift in Sources */ = {isa = PBXBuildFile; fileRef = 9B728385407680769AF257C2 /* DemandSnapshot.swift */; };
		17BAC6ADBADCD48C48FB630D /* MockWindowsServerProcess.swift in Sources */ = {isa = PBXBuildFile; fileRef = FAA6E487E37269DB774066CC /* MockWindowsServerProcess.swift */; };
		1E69BFD41143012E991A3941 /* MenuBarView.swift in Sources */ = {isa = PBXBuildFile; fileRef = C4DD86554CFEA9802C0038A8 /* MenuBarView.swift */; };
		230D42E3695E958DE4F4DA18 /* PairingStore.swift in Sources */ = {isa = PBXBuildFile; fileRef = DF60654502906F408F852BE7 /* PairingStore.swift */; };
		28C11F0DB31A0145A476D7B2 /* ControlClient.swift in Sources */ = {isa = PBXBuildFile; fileRef = 4B556763F23CC6F14D6E5B98 /* ControlClient.swift */; };
		31B4B7A79E24F88CB7DD969E /* ReconnectPolicy.swift in Sources */ = {isa = PBXBuildFile; fileRef = E80E912D06362632C24282A5 /* ReconnectPolicy.swift */; };
		357711542C862DAEF2C981F3 /* FrameBufferTests.swift in Sources */ = {isa = PBXBuildFile; fileRef = A8CD8BB2AE476C7973079658 /* FrameBufferTests.swift */; };
		35E86549B0C32756024B762F /* ReconnectPolicyTests.swift in Sources */ = {isa = PBXBuildFile; fileRef = 930E8090AAD272BAF577F1E9 /* ReconnectPolicyTests.swift */; };
		368089F9873BD737DFB46DB9 /* HexTests.swift in Sources */ = {isa = PBXBuildFile; fileRef = CAAACFA364F5CCCBBA34D19D /* HexTests.swift */; };
		37811B13F1628A5B4500F385 /* CoreAudioQuery.swift in Sources */ = {isa = PBXBuildFile; fileRef = 5F0A8D4A8D12B1EA1697BF62 /* CoreAudioQuery.swift */; };
		3848B2CDBC1F963709A41EC6 /* RecordingRenderer.swift in Sources */ = {isa = PBXBuildFile; fileRef = 57B1429D0521642124D7BDDB /* RecordingRenderer.swift */; };
		38A2118B6D12E73DA18655E7 /* AudioFrameCodec.swift in Sources */ = {isa = PBXBuildFile; fileRef = 75CFF615E80F1966954804BE /* AudioFrameCodec.swift */; };
		3DA4BB4C2C3775E4C27FB45D /* SharedMicApp.swift in Sources */ = {isa = PBXBuildFile; fileRef = 42E8694326221F469571F65B /* SharedMicApp.swift */; };
		3F85A76CC80E04B50B861336 /* PairingString.swift in Sources */ = {isa = PBXBuildFile; fileRef = 99C9BD6882E62556CC0D460A /* PairingString.swift */; };
		503BFC6E1B4517E7CFE8E39C /* PinnedTLSTransportTests.swift in Sources */ = {isa = PBXBuildFile; fileRef = 4F97D52E0297D17B8C330FD7 /* PinnedTLSTransportTests.swift */; };
		50E685F40D4AAE49812F0D51 /* ProtocolConstantsTests.swift in Sources */ = {isa = PBXBuildFile; fileRef = 28BA80E25F82CCF96D24261C /* ProtocolConstantsTests.swift */; };
		531199D4D82145879A3CDFE4 /* AudioDemandObserverTests.swift in Sources */ = {isa = PBXBuildFile; fileRef = 776001E95EBC04870EA03F5C /* AudioDemandObserverTests.swift */; };
		5AA71B62F803B776CBE70E36 /* PCMRingBufferTests.swift in Sources */ = {isa = PBXBuildFile; fileRef = FA371FDF248C94EC21C23919 /* PCMRingBufferTests.swift */; };
		5C2B53944EFF0B1E2B664FD7 /* ConnectionCoordinator.swift in Sources */ = {isa = PBXBuildFile; fileRef = 2F25273BFECFF2A399981DEE /* ConnectionCoordinator.swift */; };
		5E61D1A5ABA108927225112F /* HeartbeatMonitorTests.swift in Sources */ = {isa = PBXBuildFile; fileRef = 0D377772BAC94B1F12E081B2 /* HeartbeatMonitorTests.swift */; };
		5F68AE80D0F06037A63FF2AF /* BlackHoleDevice.swift in Sources */ = {isa = PBXBuildFile; fileRef = BF735C1A78D3CF1784806706 /* BlackHoleDevice.swift */; };
		62FCCF36647A3B4565961F04 /* SessionDemandTests.swift in Sources */ = {isa = PBXBuildFile; fileRef = 8616CE1FB504EA4642B82CA4 /* SessionDemandTests.swift */; };
		683C6706AB94636D009C5222 /* SessionControllerTests.swift in Sources */ = {isa = PBXBuildFile; fileRef = 48C4B190CF1750993828A915 /* SessionControllerTests.swift */; };
		711B030C8A0EF00198F880C8 /* PCMRingBuffer.swift in Sources */ = {isa = PBXBuildFile; fileRef = 198B89DA946054581375D6C8 /* PCMRingBuffer.swift */; };
		7FE7723C78161E3C0A7CAF7C /* FrameCodec.swift in Sources */ = {isa = PBXBuildFile; fileRef = 3B1B89A59183CAC1DD97A1DB /* FrameCodec.swift */; };
		8B82D2AD8ED8B3B9B4C46E44 /* AppModel.swift in Sources */ = {isa = PBXBuildFile; fileRef = 1D181065635836B9658C0FEA /* AppModel.swift */; };
		8F352B8B6702E1B303C48D0D /* AudioFrameCodecTests.swift in Sources */ = {isa = PBXBuildFile; fileRef = D21DF67A30AAF738CB1CC54D /* AudioFrameCodecTests.swift */; };
		903B45404F3AC70D1F3F4753 /* ControlMessage.swift in Sources */ = {isa = PBXBuildFile; fileRef = 61EE08B8C2352E1532C46029 /* ControlMessage.swift */; };
		95708246E22C1A529C29E673 /* SessionController.swift in Sources */ = {isa = PBXBuildFile; fileRef = EE0D7FFF82D6FCC9002B52C3 /* SessionController.swift */; };
		9737091406A4586EED381079 /* AuthProof.swift in Sources */ = {isa = PBXBuildFile; fileRef = 67705C4FDC7B255E36B58250 /* AuthProof.swift */; };
		974AF5185714532F1E5D2A95 /* AudioValidationTests.swift in Sources */ = {isa = PBXBuildFile; fileRef = D9A9A27911A34A0E0D80E828 /* AudioValidationTests.swift */; };
		97DE08384497521C06A221F5 /* VectorConformanceTests.swift in Sources */ = {isa = PBXBuildFile; fileRef = 2FB69EBBAD7DBC3FBD54590E /* VectorConformanceTests.swift */; };
		981CF082AB2AAD48B9CCA281 /* ControlClientTests.swift in Sources */ = {isa = PBXBuildFile; fileRef = 80A2877F3FE5C6532558D74A /* ControlClientTests.swift */; };
		9EC5C3F1E295F5F76B56CBE0 /* PinnedTLSTransport.swift in Sources */ = {isa = PBXBuildFile; fileRef = CD7CD3DE703A0699A14640AB /* PinnedTLSTransport.swift */; };
		9F01A075B9D568D0AD87F0A1 /* ProtocolError.swift in Sources */ = {isa = PBXBuildFile; fileRef = 47D99E8CCBCD28491CE8777E /* ProtocolError.swift */; };
		A3B477B513080A7984673A76 /* ProtocolConstants.swift in Sources */ = {isa = PBXBuildFile; fileRef = C7A3CD846826964C4BFC7652 /* ProtocolConstants.swift */; };
		A6CC32B4E60F0C9A0C2255DA /* AudioRendererTests.swift in Sources */ = {isa = PBXBuildFile; fileRef = 89126EB3FFF841EAF48AF85C /* AudioRendererTests.swift */; };
		A6E6ADA498FC4194C3D1DDD9 /* SystemInputDevice.swift in Sources */ = {isa = PBXBuildFile; fileRef = C3F6C9DAA39C5D13A80142BE /* SystemInputDevice.swift */; };
		A82A8C199D453706C9B448DA /* AudioRenderer.swift in Sources */ = {isa = PBXBuildFile; fileRef = 4EB9A688DC87D52062B47C3B /* AudioRenderer.swift */; };
		A8BF0E051A4544647D6781B3 /* AudioDemandObserver.swift in Sources */ = {isa = PBXBuildFile; fileRef = 882B054134048D71C9953DD0 /* AudioDemandObserver.swift */; };
		AADE68E3160E1E8D4A3FEB21 /* PairingStringTests.swift in Sources */ = {isa = PBXBuildFile; fileRef = C68DBCFEE87C068A7AF5DBC1 /* PairingStringTests.swift */; };
		B34E8C54A6CACBE3BE718841 /* ConnectionCoordinatorTests.swift in Sources */ = {isa = PBXBuildFile; fileRef = 21121D4D4526A44A753AE3AD /* ConnectionCoordinatorTests.swift */; };
		B51EBA3D1F2F3E4B1C6821DB /* AppModelTests.swift in Sources */ = {isa = PBXBuildFile; fileRef = DAC3EBB83FBFDE0F3C2B8858 /* AppModelTests.swift */; };
		BBCB07E3C769E0049EFE2478 /* DriftController.swift in Sources */ = {isa = PBXBuildFile; fileRef = 7398AAD8D885CB70A60B7367 /* DriftController.swift */; };
		C99F51AEB092D5EFA7654BA1 /* DemandSettingsTests.swift in Sources */ = {isa = PBXBuildFile; fileRef = D12BD42B263DAB320C4128B9 /* DemandSettingsTests.swift */; };
		CB6028E5CEFB2EF7AB2491F2 /* DemandSettings.swift in Sources */ = {isa = PBXBuildFile; fileRef = 7C291346EBADC0BE62DB2B1D /* DemandSettings.swift */; };
		CE0D6F8254C400165F54A286 /* Base32.swift in Sources */ = {isa = PBXBuildFile; fileRef = 5171174E37509A04CBD9C34B /* Base32.swift */; };
		D0E57392E8D679691A97108E /* ControlCodecTests.swift in Sources */ = {isa = PBXBuildFile; fileRef = EC5AC8E7F5D778D94B5D15B2 /* ControlCodecTests.swift */; };
		D75828765C5984522FC45DAC /* PairingStoreTests.swift in Sources */ = {isa = PBXBuildFile; fileRef = EE8D06062C2DF744545A2674 /* PairingStoreTests.swift */; };
		E934000DB7F2CFCEF22530DF /* FrameBuffer.swift in Sources */ = {isa = PBXBuildFile; fileRef = 3100120349B4DC8B858BE85F /* FrameBuffer.swift */; };
		EA182D13B40AB899A80B5953 /* Cocoa.framework in Frameworks */ = {isa = PBXBuildFile; fileRef = 40C017904FEAF5354374FE30 /* Cocoa.framework */; };
		EB3E3C206EA1D867DFB5D710 /* AuthProofTests.swift in Sources */ = {isa = PBXBuildFile; fileRef = 2B99D9FE68A8382C9D3D8C3A /* AuthProofTests.swift */; };
		EB8CF5E8CCD8DA4714292683 /* RepositoryPaths.swift in Sources */ = {isa = PBXBuildFile; fileRef = 4A2CFA9D9B7C4A21A93B2C36 /* RepositoryPaths.swift */; };
		EDEC07BAA9D6A2032F936EF1 /* Cocoa.framework in Frameworks */ = {isa = PBXBuildFile; fileRef = 40C017904FEAF5354374FE30 /* Cocoa.framework */; };
		F5597D7A011BB6B783E97E46 /* HeartbeatMonitor.swift in Sources */ = {isa = PBXBuildFile; fileRef = A66F57EA778EDF1619C6B96E /* HeartbeatMonitor.swift */; };
		FE13F80FFEE31999A17FF66E /* ControlCodec.swift in Sources */ = {isa = PBXBuildFile; fileRef = E4D2DAA5EC47588D8D458420 /* ControlCodec.swift */; };
		FEF790DEBC5B09CE6C6D99C4 /* DriftControllerTests.swift in Sources */ = {isa = PBXBuildFile; fileRef = 077DE03F0EDB47F22A4E4ED2 /* DriftControllerTests.swift */; };
/* End PBXBuildFile section */

/* Begin PBXContainerItemProxy section */
		BA602FF863AACF635B45275C /* PBXContainerItemProxy */ = {
			isa = PBXContainerItemProxy;
			containerPortal = 9F8750539BC1BA0E5AD268A7 /* Project object */;
			proxyType = 1;
			remoteGlobalIDString = 86A5DDA46B09377936338DF0;
			remoteInfo = SharedMic;
		};
/* End PBXContainerItemProxy section */

/* Begin PBXFileReference section */
		077DE03F0EDB47F22A4E4ED2 /* DriftControllerTests.swift */ = {isa = PBXFileReference; includeInIndex = 1; lastKnownFileType = sourcecode.swift; path = DriftControllerTests.swift; sourceTree = "<group>"; };
		0D377772BAC94B1F12E081B2 /* HeartbeatMonitorTests.swift */ = {isa = PBXFileReference; includeInIndex = 1; lastKnownFileType = sourcecode.swift; path = HeartbeatMonitorTests.swift; sourceTree = "<group>"; };
		198B89DA946054581375D6C8 /* PCMRingBuffer.swift */ = {isa = PBXFileReference; includeInIndex = 1; lastKnownFileType = sourcecode.swift; name = PCMRingBuffer.swift; path = Audio/PCMRingBuffer.swift; sourceTree = "<group>"; };
		1D181065635836B9658C0FEA /* AppModel.swift */ = {isa = PBXFileReference; includeInIndex = 1; lastKnownFileType = sourcecode.swift; name = AppModel.swift; path = App/AppModel.swift; sourceTree = "<group>"; };
		21121D4D4526A44A753AE3AD /* ConnectionCoordinatorTests.swift */ = {isa = PBXFileReference; includeInIndex = 1; lastKnownFileType = sourcecode.swift; path = ConnectionCoordinatorTests.swift; sourceTree = "<group>"; };
		28BA80E25F82CCF96D24261C /* ProtocolConstantsTests.swift */ = {isa = PBXFileReference; includeInIndex = 1; lastKnownFileType = sourcecode.swift; path = ProtocolConstantsTests.swift; sourceTree = "<group>"; };
		2B99D9FE68A8382C9D3D8C3A /* AuthProofTests.swift */ = {isa = PBXFileReference; includeInIndex = 1; lastKnownFileType = sourcecode.swift; path = AuthProofTests.swift; sourceTree = "<group>"; };
		2F25273BFECFF2A399981DEE /* ConnectionCoordinator.swift */ = {isa = PBXFileReference; includeInIndex = 1; lastKnownFileType = sourcecode.swift; name = ConnectionCoordinator.swift; path = Net/ConnectionCoordinator.swift; sourceTree = "<group>"; };
		2FB69EBBAD7DBC3FBD54590E /* VectorConformanceTests.swift */ = {isa = PBXFileReference; includeInIndex = 1; lastKnownFileType = sourcecode.swift; path = VectorConformanceTests.swift; sourceTree = "<group>"; };
		3100120349B4DC8B858BE85F /* FrameBuffer.swift */ = {isa = PBXFileReference; includeInIndex = 1; lastKnownFileType = sourcecode.swift; name = FrameBuffer.swift; path = Protocol/FrameBuffer.swift; sourceTree = "<group>"; };
		320BB9D0F1309FD3AD0A9A36 /* BlackHoleDeviceTests.swift */ = {isa = PBXFileReference; includeInIndex = 1; lastKnownFileType = sourcecode.swift; path = BlackHoleDeviceTests.swift; sourceTree = "<group>"; };
		3B1B89A59183CAC1DD97A1DB /* FrameCodec.swift */ = {isa = PBXFileReference; includeInIndex = 1; lastKnownFileType = sourcecode.swift; name = FrameCodec.swift; path = Protocol/FrameCodec.swift; sourceTree = "<group>"; };
		40C017904FEAF5354374FE30 /* Cocoa.framework */ = {isa = PBXFileReference; lastKnownFileType = wrapper.framework; name = Cocoa.framework; path = Platforms/MacOSX.platform/Developer/SDKs/MacOSX26.0.sdk/System/Library/Frameworks/Cocoa.framework; sourceTree = DEVELOPER_DIR; };
		42E8694326221F469571F65B /* SharedMicApp.swift */ = {isa = PBXFileReference; includeInIndex = 1; lastKnownFileType = sourcecode.swift; name = SharedMicApp.swift; path = App/SharedMicApp.swift; sourceTree = "<group>"; };
		47D99E8CCBCD28491CE8777E /* ProtocolError.swift */ = {isa = PBXFileReference; includeInIndex = 1; lastKnownFileType = sourcecode.swift; name = ProtocolError.swift; path = Protocol/ProtocolError.swift; sourceTree = "<group>"; };
		48C4B190CF1750993828A915 /* SessionControllerTests.swift */ = {isa = PBXFileReference; includeInIndex = 1; lastKnownFileType = sourcecode.swift; path = SessionControllerTests.swift; sourceTree = "<group>"; };
		4A2CFA9D9B7C4A21A93B2C36 /* RepositoryPaths.swift */ = {isa = PBXFileReference; includeInIndex = 1; lastKnownFileType = sourcecode.swift; name = RepositoryPaths.swift; path = Support/RepositoryPaths.swift; sourceTree = "<group>"; };
		4B556763F23CC6F14D6E5B98 /* ControlClient.swift */ = {isa = PBXFileReference; includeInIndex = 1; lastKnownFileType = sourcecode.swift; name = ControlClient.swift; path = Net/ControlClient.swift; sourceTree = "<group>"; };
		4EB9A688DC87D52062B47C3B /* AudioRenderer.swift */ = {isa = PBXFileReference; includeInIndex = 1; lastKnownFileType = sourcecode.swift; name = AudioRenderer.swift; path = Audio/AudioRenderer.swift; sourceTree = "<group>"; };
		4F97D52E0297D17B8C330FD7 /* PinnedTLSTransportTests.swift */ = {isa = PBXFileReference; includeInIndex = 1; lastKnownFileType = sourcecode.swift; path = PinnedTLSTransportTests.swift; sourceTree = "<group>"; };
		5171174E37509A04CBD9C34B /* Base32.swift */ = {isa = PBXFileReference; includeInIndex = 1; lastKnownFileType = sourcecode.swift; name = Base32.swift; path = Security/Base32.swift; sourceTree = "<group>"; };
		51E7714C1FFF7DE4D2C12337 /* SharedMic.app */ = {isa = PBXFileReference; explicitFileType = wrapper.application; includeInIndex = 0; path = SharedMic.app; sourceTree = BUILT_PRODUCTS_DIR; };
		57B1429D0521642124D7BDDB /* RecordingRenderer.swift */ = {isa = PBXFileReference; includeInIndex = 1; lastKnownFileType = sourcecode.swift; name = RecordingRenderer.swift; path = Support/RecordingRenderer.swift; sourceTree = "<group>"; };
		5F0A8D4A8D12B1EA1697BF62 /* CoreAudioQuery.swift */ = {isa = PBXFileReference; includeInIndex = 1; lastKnownFileType = sourcecode.swift; name = CoreAudioQuery.swift; path = Audio/CoreAudioQuery.swift; sourceTree = "<group>"; };
		61EE08B8C2352E1532C46029 /* ControlMessage.swift */ = {isa = PBXFileReference; includeInIndex = 1; lastKnownFileType = sourcecode.swift; name = ControlMessage.swift; path = Protocol/ControlMessage.swift; sourceTree = "<group>"; };
		67705C4FDC7B255E36B58250 /* AuthProof.swift */ = {isa = PBXFileReference; includeInIndex = 1; lastKnownFileType = sourcecode.swift; name = AuthProof.swift; path = Security/AuthProof.swift; sourceTree = "<group>"; };
		703ACA8E1DAC58F12BF921D8 /* DemandSnapshotTests.swift */ = {isa = PBXFileReference; includeInIndex = 1; lastKnownFileType = sourcecode.swift; path = DemandSnapshotTests.swift; sourceTree = "<group>"; };
		7398AAD8D885CB70A60B7367 /* DriftController.swift */ = {isa = PBXFileReference; includeInIndex = 1; lastKnownFileType = sourcecode.swift; name = DriftController.swift; path = Audio/DriftController.swift; sourceTree = "<group>"; };
		75CFF615E80F1966954804BE /* AudioFrameCodec.swift */ = {isa = PBXFileReference; includeInIndex = 1; lastKnownFileType = sourcecode.swift; name = AudioFrameCodec.swift; path = Protocol/AudioFrameCodec.swift; sourceTree = "<group>"; };
		776001E95EBC04870EA03F5C /* AudioDemandObserverTests.swift */ = {isa = PBXFileReference; includeInIndex = 1; lastKnownFileType = sourcecode.swift; path = AudioDemandObserverTests.swift; sourceTree = "<group>"; };
		7C291346EBADC0BE62DB2B1D /* DemandSettings.swift */ = {isa = PBXFileReference; includeInIndex = 1; lastKnownFileType = sourcecode.swift; name = DemandSettings.swift; path = Session/DemandSettings.swift; sourceTree = "<group>"; };
		80A2877F3FE5C6532558D74A /* ControlClientTests.swift */ = {isa = PBXFileReference; includeInIndex = 1; lastKnownFileType = sourcecode.swift; path = ControlClientTests.swift; sourceTree = "<group>"; };
		81D4F247EF99C1A4A27EA413 /* SharedMicTests.xctest */ = {isa = PBXFileReference; explicitFileType = wrapper.cfbundle; includeInIndex = 0; path = SharedMicTests.xctest; sourceTree = BUILT_PRODUCTS_DIR; };
		8616CE1FB504EA4642B82CA4 /* SessionDemandTests.swift */ = {isa = PBXFileReference; includeInIndex = 1; lastKnownFileType = sourcecode.swift; path = SessionDemandTests.swift; sourceTree = "<group>"; };
		882B054134048D71C9953DD0 /* AudioDemandObserver.swift */ = {isa = PBXFileReference; includeInIndex = 1; lastKnownFileType = sourcecode.swift; name = AudioDemandObserver.swift; path = Audio/AudioDemandObserver.swift; sourceTree = "<group>"; };
		89126EB3FFF841EAF48AF85C /* AudioRendererTests.swift */ = {isa = PBXFileReference; includeInIndex = 1; lastKnownFileType = sourcecode.swift; path = AudioRendererTests.swift; sourceTree = "<group>"; };
		930E8090AAD272BAF577F1E9 /* ReconnectPolicyTests.swift */ = {isa = PBXFileReference; includeInIndex = 1; lastKnownFileType = sourcecode.swift; path = ReconnectPolicyTests.swift; sourceTree = "<group>"; };
		99C9BD6882E62556CC0D460A /* PairingString.swift */ = {isa = PBXFileReference; includeInIndex = 1; lastKnownFileType = sourcecode.swift; name = PairingString.swift; path = Security/PairingString.swift; sourceTree = "<group>"; };
		9B3956219089A3FE86A63BF4 /* MockWindowsServerProcessTests.swift */ = {isa = PBXFileReference; includeInIndex = 1; lastKnownFileType = sourcecode.swift; path = MockWindowsServerProcessTests.swift; sourceTree = "<group>"; };
		9B728385407680769AF257C2 /* DemandSnapshot.swift */ = {isa = PBXFileReference; includeInIndex = 1; lastKnownFileType = sourcecode.swift; name = DemandSnapshot.swift; path = Audio/DemandSnapshot.swift; sourceTree = "<group>"; };
		A2746A46D00013B882AC7355 /* Hex.swift */ = {isa = PBXFileReference; includeInIndex = 1; lastKnownFileType = sourcecode.swift; name = Hex.swift; path = Protocol/Hex.swift; sourceTree = "<group>"; };
		A66F57EA778EDF1619C6B96E /* HeartbeatMonitor.swift */ = {isa = PBXFileReference; includeInIndex = 1; lastKnownFileType = sourcecode.swift; name = HeartbeatMonitor.swift; path = Session/HeartbeatMonitor.swift; sourceTree = "<group>"; };
		A8CD8BB2AE476C7973079658 /* FrameBufferTests.swift */ = {isa = PBXFileReference; includeInIndex = 1; lastKnownFileType = sourcecode.swift; path = FrameBufferTests.swift; sourceTree = "<group>"; };
		B88B2C81B4FCBED52118A591 /* FrameCodecTests.swift */ = {isa = PBXFileReference; includeInIndex = 1; lastKnownFileType = sourcecode.swift; path = FrameCodecTests.swift; sourceTree = "<group>"; };
		BF735C1A78D3CF1784806706 /* BlackHoleDevice.swift */ = {isa = PBXFileReference; includeInIndex = 1; lastKnownFileType = sourcecode.swift; name = BlackHoleDevice.swift; path = Audio/BlackHoleDevice.swift; sourceTree = "<group>"; };
		C3F6C9DAA39C5D13A80142BE /* SystemInputDevice.swift */ = {isa = PBXFileReference; includeInIndex = 1; lastKnownFileType = sourcecode.swift; name = SystemInputDevice.swift; path = Audio/SystemInputDevice.swift; sourceTree = "<group>"; };
		C4DD86554CFEA9802C0038A8 /* MenuBarView.swift */ = {isa = PBXFileReference; includeInIndex = 1; lastKnownFileType = sourcecode.swift; name = MenuBarView.swift; path = App/MenuBarView.swift; sourceTree = "<group>"; };
		C68DBCFEE87C068A7AF5DBC1 /* PairingStringTests.swift */ = {isa = PBXFileReference; includeInIndex = 1; lastKnownFileType = sourcecode.swift; path = PairingStringTests.swift; sourceTree = "<group>"; };
		C7A3CD846826964C4BFC7652 /* ProtocolConstants.swift */ = {isa = PBXFileReference; includeInIndex = 1; lastKnownFileType = sourcecode.swift; name = ProtocolConstants.swift; path = Protocol/ProtocolConstants.swift; sourceTree = "<group>"; };
		CAAACFA364F5CCCBBA34D19D /* HexTests.swift */ = {isa = PBXFileReference; includeInIndex = 1; lastKnownFileType = sourcecode.swift; path = HexTests.swift; sourceTree = "<group>"; };
		CD7CD3DE703A0699A14640AB /* PinnedTLSTransport.swift */ = {isa = PBXFileReference; includeInIndex = 1; lastKnownFileType = sourcecode.swift; name = PinnedTLSTransport.swift; path = Net/PinnedTLSTransport.swift; sourceTree = "<group>"; };
		D12BD42B263DAB320C4128B9 /* DemandSettingsTests.swift */ = {isa = PBXFileReference; includeInIndex = 1; lastKnownFileType = sourcecode.swift; path = DemandSettingsTests.swift; sourceTree = "<group>"; };
		D21DF67A30AAF738CB1CC54D /* AudioFrameCodecTests.swift */ = {isa = PBXFileReference; includeInIndex = 1; lastKnownFileType = sourcecode.swift; path = AudioFrameCodecTests.swift; sourceTree = "<group>"; };
		D9A9A27911A34A0E0D80E828 /* AudioValidationTests.swift */ = {isa = PBXFileReference; includeInIndex = 1; lastKnownFileType = sourcecode.swift; path = AudioValidationTests.swift; sourceTree = "<group>"; };
		DAC3EBB83FBFDE0F3C2B8858 /* AppModelTests.swift */ = {isa = PBXFileReference; includeInIndex = 1; lastKnownFileType = sourcecode.swift; path = AppModelTests.swift; sourceTree = "<group>"; };
		DF60654502906F408F852BE7 /* PairingStore.swift */ = {isa = PBXFileReference; includeInIndex = 1; lastKnownFileType = sourcecode.swift; name = PairingStore.swift; path = Security/PairingStore.swift; sourceTree = "<group>"; };
		E4D2DAA5EC47588D8D458420 /* ControlCodec.swift */ = {isa = PBXFileReference; includeInIndex = 1; lastKnownFileType = sourcecode.swift; name = ControlCodec.swift; path = Protocol/ControlCodec.swift; sourceTree = "<group>"; };
		E80E912D06362632C24282A5 /* ReconnectPolicy.swift */ = {isa = PBXFileReference; includeInIndex = 1; lastKnownFileType = sourcecode.swift; name = ReconnectPolicy.swift; path = Session/ReconnectPolicy.swift; sourceTree = "<group>"; };
		EC5AC8E7F5D778D94B5D15B2 /* ControlCodecTests.swift */ = {isa = PBXFileReference; includeInIndex = 1; lastKnownFileType = sourcecode.swift; path = ControlCodecTests.swift; sourceTree = "<group>"; };
		EE0D7FFF82D6FCC9002B52C3 /* SessionController.swift */ = {isa = PBXFileReference; includeInIndex = 1; lastKnownFileType = sourcecode.swift; name = SessionController.swift; path = Session/SessionController.swift; sourceTree = "<group>"; };
		EE8D06062C2DF744545A2674 /* PairingStoreTests.swift */ = {isa = PBXFileReference; includeInIndex = 1; lastKnownFileType = sourcecode.swift; path = PairingStoreTests.swift; sourceTree = "<group>"; };
		FA371FDF248C94EC21C23919 /* PCMRingBufferTests.swift */ = {isa = PBXFileReference; includeInIndex = 1; lastKnownFileType = sourcecode.swift; path = PCMRingBufferTests.swift; sourceTree = "<group>"; };
		FAA6E487E37269DB774066CC /* MockWindowsServerProcess.swift */ = {isa = PBXFileReference; includeInIndex = 1; lastKnownFileType = sourcecode.swift; name = MockWindowsServerProcess.swift; path = Support/MockWindowsServerProcess.swift; sourceTree = "<group>"; };
/* End PBXFileReference section */

/* Begin PBXFrameworksBuildPhase section */
		3322DC9737AB67AE44B0B49B /* Frameworks */ = {
			isa = PBXFrameworksBuildPhase;
			buildActionMask = 2147483647;
			files = (
				EA182D13B40AB899A80B5953 /* Cocoa.framework in Frameworks */,
			);
			runOnlyForDeploymentPostprocessing = 0;
		};
		FFF59A9FC25D56B099F77363 /* Frameworks */ = {
			isa = PBXFrameworksBuildPhase;
			buildActionMask = 2147483647;
			files = (
				EDEC07BAA9D6A2032F936EF1 /* Cocoa.framework in Frameworks */,
			);
			runOnlyForDeploymentPostprocessing = 0;
		};
/* End PBXFrameworksBuildPhase section */

/* Begin PBXGroup section */
		1955B1BD7AECA1ABC26485B1 /* SharedMic */ = {
			isa = PBXGroup;
			children = (
				1D181065635836B9658C0FEA /* AppModel.swift */,
				C4DD86554CFEA9802C0038A8 /* MenuBarView.swift */,
				42E8694326221F469571F65B /* SharedMicApp.swift */,
				882B054134048D71C9953DD0 /* AudioDemandObserver.swift */,
				4EB9A688DC87D52062B47C3B /* AudioRenderer.swift */,
				BF735C1A78D3CF1784806706 /* BlackHoleDevice.swift */,
				5F0A8D4A8D12B1EA1697BF62 /* CoreAudioQuery.swift */,
				9B728385407680769AF257C2 /* DemandSnapshot.swift */,
				7398AAD8D885CB70A60B7367 /* DriftController.swift */,
				198B89DA946054581375D6C8 /* PCMRingBuffer.swift */,
				C3F6C9DAA39C5D13A80142BE /* SystemInputDevice.swift */,
				2F25273BFECFF2A399981DEE /* ConnectionCoordinator.swift */,
				4B556763F23CC6F14D6E5B98 /* ControlClient.swift */,
				CD7CD3DE703A0699A14640AB /* PinnedTLSTransport.swift */,
				75CFF615E80F1966954804BE /* AudioFrameCodec.swift */,
				E4D2DAA5EC47588D8D458420 /* ControlCodec.swift */,
				61EE08B8C2352E1532C46029 /* ControlMessage.swift */,
				3100120349B4DC8B858BE85F /* FrameBuffer.swift */,
				3B1B89A59183CAC1DD97A1DB /* FrameCodec.swift */,
				A2746A46D00013B882AC7355 /* Hex.swift */,
				C7A3CD846826964C4BFC7652 /* ProtocolConstants.swift */,
				47D99E8CCBCD28491CE8777E /* ProtocolError.swift */,
				67705C4FDC7B255E36B58250 /* AuthProof.swift */,
				5171174E37509A04CBD9C34B /* Base32.swift */,
				DF60654502906F408F852BE7 /* PairingStore.swift */,
				99C9BD6882E62556CC0D460A /* PairingString.swift */,
				7C291346EBADC0BE62DB2B1D /* DemandSettings.swift */,
				A66F57EA778EDF1619C6B96E /* HeartbeatMonitor.swift */,
				E80E912D06362632C24282A5 /* ReconnectPolicy.swift */,
				EE0D7FFF82D6FCC9002B52C3 /* SessionController.swift */,
			);
			name = SharedMic;
			path = SharedMic;
			sourceTree = "<group>";
		};
		5E205485AB06F2D2928C52D2 /* Frameworks */ = {
			isa = PBXGroup;
			children = (
				7A0E7D0CCEC8D1226DD68BF7 /* OS X */,
			);
			name = Frameworks;
			sourceTree = "<group>";
		};
		7A0E7D0CCEC8D1226DD68BF7 /* OS X */ = {
			isa = PBXGroup;
			children = (
				40C017904FEAF5354374FE30 /* Cocoa.framework */,
			);
			name = "OS X";
			sourceTree = "<group>";
		};
		8575A3D3A49AA28F4785B600 = {
			isa = PBXGroup;
			children = (
				E1D27A0D4297CCDF78AEE386 /* Products */,
				5E205485AB06F2D2928C52D2 /* Frameworks */,
				1955B1BD7AECA1ABC26485B1 /* SharedMic */,
				96D2556378BBB1EE24D7DC82 /* SharedMicTests */,
			);
			sourceTree = "<group>";
		};
		96D2556378BBB1EE24D7DC82 /* SharedMicTests */ = {
			isa = PBXGroup;
			children = (
				DAC3EBB83FBFDE0F3C2B8858 /* AppModelTests.swift */,
				776001E95EBC04870EA03F5C /* AudioDemandObserverTests.swift */,
				D21DF67A30AAF738CB1CC54D /* AudioFrameCodecTests.swift */,
				89126EB3FFF841EAF48AF85C /* AudioRendererTests.swift */,
				D9A9A27911A34A0E0D80E828 /* AudioValidationTests.swift */,
				2B99D9FE68A8382C9D3D8C3A /* AuthProofTests.swift */,
				320BB9D0F1309FD3AD0A9A36 /* BlackHoleDeviceTests.swift */,
				21121D4D4526A44A753AE3AD /* ConnectionCoordinatorTests.swift */,
				80A2877F3FE5C6532558D74A /* ControlClientTests.swift */,
				EC5AC8E7F5D778D94B5D15B2 /* ControlCodecTests.swift */,
				D12BD42B263DAB320C4128B9 /* DemandSettingsTests.swift */,
				703ACA8E1DAC58F12BF921D8 /* DemandSnapshotTests.swift */,
				077DE03F0EDB47F22A4E4ED2 /* DriftControllerTests.swift */,
				A8CD8BB2AE476C7973079658 /* FrameBufferTests.swift */,
				B88B2C81B4FCBED52118A591 /* FrameCodecTests.swift */,
				0D377772BAC94B1F12E081B2 /* HeartbeatMonitorTests.swift */,
				CAAACFA364F5CCCBBA34D19D /* HexTests.swift */,
				9B3956219089A3FE86A63BF4 /* MockWindowsServerProcessTests.swift */,
				FA371FDF248C94EC21C23919 /* PCMRingBufferTests.swift */,
				EE8D06062C2DF744545A2674 /* PairingStoreTests.swift */,
				C68DBCFEE87C068A7AF5DBC1 /* PairingStringTests.swift */,
				4F97D52E0297D17B8C330FD7 /* PinnedTLSTransportTests.swift */,
				28BA80E25F82CCF96D24261C /* ProtocolConstantsTests.swift */,
				930E8090AAD272BAF577F1E9 /* ReconnectPolicyTests.swift */,
				48C4B190CF1750993828A915 /* SessionControllerTests.swift */,
				8616CE1FB504EA4642B82CA4 /* SessionDemandTests.swift */,
				FAA6E487E37269DB774066CC /* MockWindowsServerProcess.swift */,
				57B1429D0521642124D7BDDB /* RecordingRenderer.swift */,
				4A2CFA9D9B7C4A21A93B2C36 /* RepositoryPaths.swift */,
				2FB69EBBAD7DBC3FBD54590E /* VectorConformanceTests.swift */,
			);
			name = SharedMicTests;
			path = SharedMicTests;
			sourceTree = "<group>";
		};
		E1D27A0D4297CCDF78AEE386 /* Products */ = {
			isa = PBXGroup;
			children = (
				51E7714C1FFF7DE4D2C12337 /* SharedMic.app */,
				81D4F247EF99C1A4A27EA413 /* SharedMicTests.xctest */,
			);
			name = Products;
			sourceTree = "<group>";
		};
/* End PBXGroup section */

/* Begin PBXNativeTarget section */
		86A5DDA46B09377936338DF0 /* SharedMic */ = {
			isa = PBXNativeTarget;
			buildConfigurationList = 6E14244F8FFE19B1642F4A69 /* Build configuration list for PBXNativeTarget "SharedMic" */;
			buildPhases = (
				E9575B1D25B6E3E046C0637C /* Sources */,
				3322DC9737AB67AE44B0B49B /* Frameworks */,
				0378EEA71CB5FB9B78BB0166 /* Resources */,
			);
			buildRules = (
			);
			dependencies = (
			);
			name = SharedMic;
			productName = SharedMic;
			productReference = 51E7714C1FFF7DE4D2C12337 /* SharedMic.app */;
			productType = "com.apple.product-type.application";
		};
		AEF9C9E08050BAEC1E894C99 /* SharedMicTests */ = {
			isa = PBXNativeTarget;
			buildConfigurationList = 1AB970F6CC25A36504CE597A /* Build configuration list for PBXNativeTarget "SharedMicTests" */;
			buildPhases = (
				C28BAB613EB0A15080752BA5 /* Sources */,
				FFF59A9FC25D56B099F77363 /* Frameworks */,
				86028952C3E27EB353896C40 /* Resources */,
			);
			buildRules = (
			);
			dependencies = (
				6394DB7C314298DEBDC12525 /* PBXTargetDependency */,
			);
			name = SharedMicTests;
			productName = SharedMicTests;
			productReference = 81D4F247EF99C1A4A27EA413 /* SharedMicTests.xctest */;
			productType = "com.apple.product-type.bundle.unit-test";
		};
/* End PBXNativeTarget section */

/* Begin PBXProject section */
		9F8750539BC1BA0E5AD268A7 /* Project object */ = {
			isa = PBXProject;
			attributes = {
				LastSwiftUpdateCheck = 1600;
				LastUpgradeCheck = 1600;
			};
			buildConfigurationList = 77C2B093089E5ABA81DF07C0 /* Build configuration list for PBXProject "SharedMic" */;
			compatibilityVersion = "Xcode 3.2";
			developmentRegion = en;
			hasScannedForEncodings = 0;
			knownRegions = (
				en,
				Base,
			);
			mainGroup = 8575A3D3A49AA28F4785B600;
			minimizedProjectReferenceProxies = 0;
			preferredProjectObjectVersion = 100;
			productRefGroup = E1D27A0D4297CCDF78AEE386 /* Products */;
			projectDirPath = "";
			projectRoot = "";
			targets = (
				86A5DDA46B09377936338DF0 /* SharedMic */,
				AEF9C9E08050BAEC1E894C99 /* SharedMicTests */,
			);
		};
/* End PBXProject section */

/* Begin PBXResourcesBuildPhase section */
		0378EEA71CB5FB9B78BB0166 /* Resources */ = {
			isa = PBXResourcesBuildPhase;
			buildActionMask = 2147483647;
			files = (
			);
			runOnlyForDeploymentPostprocessing = 0;
		};
		86028952C3E27EB353896C40 /* Resources */ = {
			isa = PBXResourcesBuildPhase;
			buildActionMask = 2147483647;
			files = (
			);
			runOnlyForDeploymentPostprocessing = 0;
		};
/* End PBXResourcesBuildPhase section */

/* Begin PBXSourcesBuildPhase section */
		C28BAB613EB0A15080752BA5 /* Sources */ = {
			isa = PBXSourcesBuildPhase;
			buildActionMask = 2147483647;
			files = (
				B51EBA3D1F2F3E4B1C6821DB /* AppModelTests.swift in Sources */,
				531199D4D82145879A3CDFE4 /* AudioDemandObserverTests.swift in Sources */,
				8F352B8B6702E1B303C48D0D /* AudioFrameCodecTests.swift in Sources */,
				A6CC32B4E60F0C9A0C2255DA /* AudioRendererTests.swift in Sources */,
				974AF5185714532F1E5D2A95 /* AudioValidationTests.swift in Sources */,
				EB3E3C206EA1D867DFB5D710 /* AuthProofTests.swift in Sources */,
				141AAC479F1AA86E95C28B38 /* BlackHoleDeviceTests.swift in Sources */,
				B34E8C54A6CACBE3BE718841 /* ConnectionCoordinatorTests.swift in Sources */,
				981CF082AB2AAD48B9CCA281 /* ControlClientTests.swift in Sources */,
				D0E57392E8D679691A97108E /* ControlCodecTests.swift in Sources */,
				C99F51AEB092D5EFA7654BA1 /* DemandSettingsTests.swift in Sources */,
				141C691C407B4CD2442C4DBC /* DemandSnapshotTests.swift in Sources */,
				FEF790DEBC5B09CE6C6D99C4 /* DriftControllerTests.swift in Sources */,
				357711542C862DAEF2C981F3 /* FrameBufferTests.swift in Sources */,
				021EF3D5DAB920608C654B64 /* FrameCodecTests.swift in Sources */,
				5E61D1A5ABA108927225112F /* HeartbeatMonitorTests.swift in Sources */,
				368089F9873BD737DFB46DB9 /* HexTests.swift in Sources */,
				080B8F24F60745B49603712F /* MockWindowsServerProcessTests.swift in Sources */,
				5AA71B62F803B776CBE70E36 /* PCMRingBufferTests.swift in Sources */,
				D75828765C5984522FC45DAC /* PairingStoreTests.swift in Sources */,
				AADE68E3160E1E8D4A3FEB21 /* PairingStringTests.swift in Sources */,
				503BFC6E1B4517E7CFE8E39C /* PinnedTLSTransportTests.swift in Sources */,
				50E685F40D4AAE49812F0D51 /* ProtocolConstantsTests.swift in Sources */,
				35E86549B0C32756024B762F /* ReconnectPolicyTests.swift in Sources */,
				683C6706AB94636D009C5222 /* SessionControllerTests.swift in Sources */,
				62FCCF36647A3B4565961F04 /* SessionDemandTests.swift in Sources */,
				17BAC6ADBADCD48C48FB630D /* MockWindowsServerProcess.swift in Sources */,
				3848B2CDBC1F963709A41EC6 /* RecordingRenderer.swift in Sources */,
				EB8CF5E8CCD8DA4714292683 /* RepositoryPaths.swift in Sources */,
				97DE08384497521C06A221F5 /* VectorConformanceTests.swift in Sources */,
			);
			runOnlyForDeploymentPostprocessing = 0;
		};
		E9575B1D25B6E3E046C0637C /* Sources */ = {
			isa = PBXSourcesBuildPhase;
			buildActionMask = 2147483647;
			files = (
				8B82D2AD8ED8B3B9B4C46E44 /* AppModel.swift in Sources */,
				1E69BFD41143012E991A3941 /* MenuBarView.swift in Sources */,
				3DA4BB4C2C3775E4C27FB45D /* SharedMicApp.swift in Sources */,
				A8BF0E051A4544647D6781B3 /* AudioDemandObserver.swift in Sources */,
				A82A8C199D453706C9B448DA /* AudioRenderer.swift in Sources */,
				5F68AE80D0F06037A63FF2AF /* BlackHoleDevice.swift in Sources */,
				37811B13F1628A5B4500F385 /* CoreAudioQuery.swift in Sources */,
				154105C2CE9A39DFA191AE31 /* DemandSnapshot.swift in Sources */,
				BBCB07E3C769E0049EFE2478 /* DriftController.swift in Sources */,
				711B030C8A0EF00198F880C8 /* PCMRingBuffer.swift in Sources */,
				A6E6ADA498FC4194C3D1DDD9 /* SystemInputDevice.swift in Sources */,
				5C2B53944EFF0B1E2B664FD7 /* ConnectionCoordinator.swift in Sources */,
				28C11F0DB31A0145A476D7B2 /* ControlClient.swift in Sources */,
				9EC5C3F1E295F5F76B56CBE0 /* PinnedTLSTransport.swift in Sources */,
				38A2118B6D12E73DA18655E7 /* AudioFrameCodec.swift in Sources */,
				FE13F80FFEE31999A17FF66E /* ControlCodec.swift in Sources */,
				903B45404F3AC70D1F3F4753 /* ControlMessage.swift in Sources */,
				E934000DB7F2CFCEF22530DF /* FrameBuffer.swift in Sources */,
				7FE7723C78161E3C0A7CAF7C /* FrameCodec.swift in Sources */,
				0B0BFC6297B1DEB5AF14B686 /* Hex.swift in Sources */,
				A3B477B513080A7984673A76 /* ProtocolConstants.swift in Sources */,
				9F01A075B9D568D0AD87F0A1 /* ProtocolError.swift in Sources */,
				9737091406A4586EED381079 /* AuthProof.swift in Sources */,
				CE0D6F8254C400165F54A286 /* Base32.swift in Sources */,
				230D42E3695E958DE4F4DA18 /* PairingStore.swift in Sources */,
				3F85A76CC80E04B50B861336 /* PairingString.swift in Sources */,
				CB6028E5CEFB2EF7AB2491F2 /* DemandSettings.swift in Sources */,
				F5597D7A011BB6B783E97E46 /* HeartbeatMonitor.swift in Sources */,
				31B4B7A79E24F88CB7DD969E /* ReconnectPolicy.swift in Sources */,
				95708246E22C1A529C29E673 /* SessionController.swift in Sources */,
			);
			runOnlyForDeploymentPostprocessing = 0;
		};
/* End PBXSourcesBuildPhase section */

/* Begin PBXTargetDependency section */
		6394DB7C314298DEBDC12525 /* PBXTargetDependency */ = {
			isa = PBXTargetDependency;
			name = SharedMic;
			target = 86A5DDA46B09377936338DF0 /* SharedMic */;
			targetProxy = BA602FF863AACF635B45275C /* PBXContainerItemProxy */;
		};
/* End PBXTargetDependency section */

/* Begin XCBuildConfiguration section */
		62DFB40A90FCC61880CD9354 /* Debug */ = {
			isa = XCBuildConfiguration;
			buildSettings = {
				ALWAYS_SEARCH_USER_PATHS = NO;
				CLANG_ANALYZER_NONNULL = YES;
				CLANG_ANALYZER_NUMBER_OBJECT_CONVERSION = YES_AGGRESSIVE;
				CLANG_CXX_LANGUAGE_STANDARD = "gnu++14";
				CLANG_CXX_LIBRARY = "libc++";
				CLANG_ENABLE_MODULES = YES;
				CLANG_ENABLE_OBJC_ARC = YES;
				CLANG_ENABLE_OBJC_WEAK = YES;
				CLANG_WARN_BLOCK_CAPTURE_AUTORELEASING = YES;
				CLANG_WARN_BOOL_CONVERSION = YES;
				CLANG_WARN_COMMA = YES;
				CLANG_WARN_CONSTANT_CONVERSION = YES;
				CLANG_WARN_DEPRECATED_OBJC_IMPLEMENTATIONS = YES;
				CLANG_WARN_DIRECT_OBJC_ISA_USAGE = YES_ERROR;
				CLANG_WARN_DOCUMENTATION_COMMENTS = YES;
				CLANG_WARN_EMPTY_BODY = YES;
				CLANG_WARN_ENUM_CONVERSION = YES;
				CLANG_WARN_INFINITE_RECURSION = YES;
				CLANG_WARN_INT_CONVERSION = YES;
				CLANG_WARN_NON_LITERAL_NULL_CONVERSION = YES;
				CLANG_WARN_OBJC_IMPLICIT_RETAIN_SELF = YES;
				CLANG_WARN_OBJC_LITERAL_CONVERSION = YES;
				CLANG_WARN_OBJC_ROOT_CLASS = YES_ERROR;
				CLANG_WARN_QUOTED_INCLUDE_IN_FRAMEWORK_HEADER = YES;
				CLANG_WARN_RANGE_LOOP_ANALYSIS = YES;
				CLANG_WARN_STRICT_PROTOTYPES = YES;
				CLANG_WARN_SUSPICIOUS_MOVE = YES;
				CLANG_WARN_UNGUARDED_AVAILABILITY = YES_AGGRESSIVE;
				CLANG_WARN_UNREACHABLE_CODE = YES;
				CLANG_WARN__DUPLICATE_METHOD_MATCH = YES;
				COPY_PHASE_STRIP = NO;
				DEBUG_INFORMATION_FORMAT = dwarf;
				ENABLE_STRICT_OBJC_MSGSEND = YES;
				ENABLE_TESTABILITY = YES;
				GCC_C_LANGUAGE_STANDARD = gnu11;
				GCC_DYNAMIC_NO_PIC = NO;
				GCC_NO_COMMON_BLOCKS = YES;
				GCC_OPTIMIZATION_LEVEL = 0;
				GCC_PREPROCESSOR_DEFINITIONS = (
					"DEBUG=1",
					"$(inherited)",
				);
				GCC_WARN_64_TO_32_BIT_CONVERSION = YES;
				GCC_WARN_ABOUT_RETURN_TYPE = YES_ERROR;
				GCC_WARN_UNDECLARED_SELECTOR = YES;
				GCC_WARN_UNINITIALIZED_AUTOS = YES_AGGRESSIVE;
				GCC_WARN_UNUSED_FUNCTION = YES;
				GCC_WARN_UNUSED_VARIABLE = YES;
				MACOSX_DEPLOYMENT_TARGET = 14.4;
				MTL_ENABLE_DEBUG_INFO = INCLUDE_SOURCE;
				MTL_FAST_MATH = YES;
				ONLY_ACTIVE_ARCH = YES;
				PRODUCT_NAME = "$(TARGET_NAME)";
				SDKROOT = macosx;
				SWIFT_ACTIVE_COMPILATION_CONDITIONS = DEBUG;
				SWIFT_OPTIMIZATION_LEVEL = "-Onone";
				SWIFT_VERSION = 5.0;
			};
			name = Debug;
		};
		7FA4E44E6044324F52024DA6 /* Release */ = {
			isa = XCBuildConfiguration;
			buildSettings = {
				ASSETCATALOG_COMPILER_APPICON_NAME = AppIcon;
				ASSETCATALOG_COMPILER_GLOBAL_ACCENT_COLOR_NAME = AccentColor;
				CODE_SIGN_IDENTITY = "-";
				CODE_SIGN_STYLE = Automatic;
				COMBINE_HIDPI_IMAGES = YES;
				ENABLE_HARDENED_RUNTIME = YES;
				GENERATE_INFOPLIST_FILE = NO;
				INFOPLIST_FILE = SharedMic/Info.plist;
				LD_RUNPATH_SEARCH_PATHS = "$(inherited) @executable_path/../Frameworks";
				MACOSX_DEPLOYMENT_TARGET = 14.4;
				PRODUCT_BUNDLE_IDENTIFIER = com.sharedmic.SharedMic;
				PRODUCT_NAME = SharedMic;
				SDKROOT = macosx;
				SWIFT_VERSION = 5.0;
			};
			name = Release;
		};
		99CE5F1250420C034205B039 /* Debug */ = {
			isa = XCBuildConfiguration;
			buildSettings = {
				BUNDLE_LOADER = "$(TEST_HOST)";
				CODE_SIGN_IDENTITY = "-";
				CODE_SIGN_STYLE = Automatic;
				GENERATE_INFOPLIST_FILE = YES;
				MACOSX_DEPLOYMENT_TARGET = 14.4;
				PRODUCT_BUNDLE_IDENTIFIER = com.sharedmic.SharedMicTests;
				PRODUCT_NAME = SharedMicTests;
				SDKROOT = macosx;
				SWIFT_VERSION = 5.0;
				TEST_HOST = "$(BUILT_PRODUCTS_DIR)/SharedMic.app/Contents/MacOS/SharedMic";
			};
			name = Debug;
		};
		9E4F553A9EA8F557F5D9177B /* Release */ = {
			isa = XCBuildConfiguration;
			buildSettings = {
				BUNDLE_LOADER = "$(TEST_HOST)";
				CODE_SIGN_IDENTITY = "-";
				CODE_SIGN_STYLE = Automatic;
				GENERATE_INFOPLIST_FILE = YES;
				MACOSX_DEPLOYMENT_TARGET = 14.4;
				PRODUCT_BUNDLE_IDENTIFIER = com.sharedmic.SharedMicTests;
				PRODUCT_NAME = SharedMicTests;
				SDKROOT = macosx;
				SWIFT_VERSION = 5.0;
				TEST_HOST = "$(BUILT_PRODUCTS_DIR)/SharedMic.app/Contents/MacOS/SharedMic";
			};
			name = Release;
		};
		D6F0C362394997256CF95931 /* Debug */ = {
			isa = XCBuildConfiguration;
			buildSettings = {
				ASSETCATALOG_COMPILER_APPICON_NAME = AppIcon;
				ASSETCATALOG_COMPILER_GLOBAL_ACCENT_COLOR_NAME = AccentColor;
				CODE_SIGN_IDENTITY = "-";
				CODE_SIGN_STYLE = Automatic;
				COMBINE_HIDPI_IMAGES = YES;
				ENABLE_HARDENED_RUNTIME = YES;
				GENERATE_INFOPLIST_FILE = NO;
				INFOPLIST_FILE = SharedMic/Info.plist;
				LD_RUNPATH_SEARCH_PATHS = "$(inherited) @executable_path/../Frameworks";
				MACOSX_DEPLOYMENT_TARGET = 14.4;
				PRODUCT_BUNDLE_IDENTIFIER = com.sharedmic.SharedMic;
				PRODUCT_NAME = SharedMic;
				SDKROOT = macosx;
				SWIFT_VERSION = 5.0;
			};
			name = Debug;
		};
		DBD2B6D4D2405604F4EA8179 /* Release */ = {
			isa = XCBuildConfiguration;
			buildSettings = {
				ALWAYS_SEARCH_USER_PATHS = NO;
				CLANG_ANALYZER_NONNULL = YES;
				CLANG_ANALYZER_NUMBER_OBJECT_CONVERSION = YES_AGGRESSIVE;
				CLANG_CXX_LANGUAGE_STANDARD = "gnu++14";
				CLANG_CXX_LIBRARY = "libc++";
				CLANG_ENABLE_MODULES = YES;
				CLANG_ENABLE_OBJC_ARC = YES;
				CLANG_ENABLE_OBJC_WEAK = YES;
				CLANG_WARN_BLOCK_CAPTURE_AUTORELEASING = YES;
				CLANG_WARN_BOOL_CONVERSION = YES;
				CLANG_WARN_COMMA = YES;
				CLANG_WARN_CONSTANT_CONVERSION = YES;
				CLANG_WARN_DEPRECATED_OBJC_IMPLEMENTATIONS = YES;
				CLANG_WARN_DIRECT_OBJC_ISA_USAGE = YES_ERROR;
				CLANG_WARN_DOCUMENTATION_COMMENTS = YES;
				CLANG_WARN_EMPTY_BODY = YES;
				CLANG_WARN_ENUM_CONVERSION = YES;
				CLANG_WARN_INFINITE_RECURSION = YES;
				CLANG_WARN_INT_CONVERSION = YES;
				CLANG_WARN_NON_LITERAL_NULL_CONVERSION = YES;
				CLANG_WARN_OBJC_IMPLICIT_RETAIN_SELF = YES;
				CLANG_WARN_OBJC_LITERAL_CONVERSION = YES;
				CLANG_WARN_OBJC_ROOT_CLASS = YES_ERROR;
				CLANG_WARN_QUOTED_INCLUDE_IN_FRAMEWORK_HEADER = YES;
				CLANG_WARN_RANGE_LOOP_ANALYSIS = YES;
				CLANG_WARN_STRICT_PROTOTYPES = YES;
				CLANG_WARN_SUSPICIOUS_MOVE = YES;
				CLANG_WARN_UNGUARDED_AVAILABILITY = YES_AGGRESSIVE;
				CLANG_WARN_UNREACHABLE_CODE = YES;
				CLANG_WARN__DUPLICATE_METHOD_MATCH = YES;
				COPY_PHASE_STRIP = NO;
				DEBUG_INFORMATION_FORMAT = "dwarf-with-dsym";
				ENABLE_NS_ASSERTIONS = NO;
				ENABLE_STRICT_OBJC_MSGSEND = YES;
				GCC_C_LANGUAGE_STANDARD = gnu11;
				GCC_NO_COMMON_BLOCKS = YES;
				GCC_WARN_64_TO_32_BIT_CONVERSION = YES;
				GCC_WARN_ABOUT_RETURN_TYPE = YES_ERROR;
				GCC_WARN_UNDECLARED_SELECTOR = YES;
				GCC_WARN_UNINITIALIZED_AUTOS = YES_AGGRESSIVE;
				GCC_WARN_UNUSED_FUNCTION = YES;
				GCC_WARN_UNUSED_VARIABLE = YES;
				MACOSX_DEPLOYMENT_TARGET = 14.4;
				MTL_ENABLE_DEBUG_INFO = NO;
				MTL_FAST_MATH = YES;
				PRODUCT_NAME = "$(TARGET_NAME)";
				SDKROOT = macosx;
				SWIFT_COMPILATION_MODE = wholemodule;
				SWIFT_OPTIMIZATION_LEVEL = "-O";
				SWIFT_VERSION = 5.0;
			};
			name = Release;
		};
/* End XCBuildConfiguration section */

/* Begin XCConfigurationList section */
		1AB970F6CC25A36504CE597A /* Build configuration list for PBXNativeTarget "SharedMicTests" */ = {
			isa = XCConfigurationList;
			buildConfigurations = (
				9E4F553A9EA8F557F5D9177B /* Release */,
				99CE5F1250420C034205B039 /* Debug */,
			);
			defaultConfigurationIsVisible = 0;
			defaultConfigurationName = Release;
		};
		6E14244F8FFE19B1642F4A69 /* Build configuration list for PBXNativeTarget "SharedMic" */ = {
			isa = XCConfigurationList;
			buildConfigurations = (
				7FA4E44E6044324F52024DA6 /* Release */,
				D6F0C362394997256CF95931 /* Debug */,
			);
			defaultConfigurationIsVisible = 0;
			defaultConfigurationName = Release;
		};
		77C2B093089E5ABA81DF07C0 /* Build configuration list for PBXProject "SharedMic" */ = {
			isa = XCConfigurationList;
			buildConfigurations = (
				62DFB40A90FCC61880CD9354 /* Debug */,
				DBD2B6D4D2405604F4EA8179 /* Release */,
			);
			defaultConfigurationIsVisible = 0;
			defaultConfigurationName = Release;
		};
/* End XCConfigurationList section */
	};
	rootObject = 9F8750539BC1BA0E5AD268A7 /* Project object */;
}
