// !$*UTF8*$!
{
	archiveVersion = 1;
	classes = {
	};
	objectVersion = 46;
	objects = {

/* Begin PBXBuildFile section */
		083E66F3401FEB24E9BE1F6D /* FrameBufferTests.swift in Sources */ = {isa = PBXBuildFile; fileRef = B09983FE2FC75CC1FDAF40A2 /* FrameBufferTests.swift */; };
		084E99963511125848D8E026 /* PairingStringTests.swift in Sources */ = {isa = PBXBuildFile; fileRef = 3024AA5BC5BB218C17E1B762 /* PairingStringTests.swift */; };
		0A9219F31032DB420BE3A0DE /* VectorConformanceTests.swift in Sources */ = {isa = PBXBuildFile; fileRef = 4595D2696D9507AB329BF006 /* VectorConformanceTests.swift */; };
		100C8BB9317200FC36B51080 /* ControlClientTests.swift in Sources */ = {isa = PBXBuildFile; fileRef = 4CE6949509EF8F713DF4C300 /* ControlClientTests.swift */; };
		1E856FA51E562F41F33CE131 /* AppVersion.swift in Sources */ = {isa = PBXBuildFile; fileRef = CD871F55403FC59143D31802 /* AppVersion.swift */; };
		225198B264FDE155CE3667A8 /* PCMRingBuffer.swift in Sources */ = {isa = PBXBuildFile; fileRef = 6081E81CEB78F285623E15E2 /* PCMRingBuffer.swift */; };
		23F80A58EC569435C2BCC714 /* HexTests.swift in Sources */ = {isa = PBXBuildFile; fileRef = D8136840613935E38C25165B /* HexTests.swift */; };
		275A99AEEBCFC9F4530D2BEF /* AudioFrameCodec.swift in Sources */ = {isa = PBXBuildFile; fileRef = 2028303A05B59EA163981B92 /* AudioFrameCodec.swift */; };
		2C750F897638B7BEBFE5CC76 /* AuthProofTests.swift in Sources */ = {isa = PBXBuildFile; fileRef = 118A8DEC333E75959897A625 /* AuthProofTests.swift */; };
		2E12B208D76C14F578786D82 /* PCMRingBufferTests.swift in Sources */ = {isa = PBXBuildFile; fileRef = 50D8882D97ADF73EC48DEFBF /* PCMRingBufferTests.swift */; };
		3557C0C2AA15EAF71689B992 /* ReconnectPolicy.swift in Sources */ = {isa = PBXBuildFile; fileRef = BACC2D97DDC84C97DBF46AD9 /* ReconnectPolicy.swift */; };
		3B70AE2DC5EFBFF073F792D3 /* BlackHoleDevice.swift in Sources */ = {isa = PBXBuildFile; fileRef = 4A9616108B3FA70FDD40B522 /* BlackHoleDevice.swift */; };
		3CA4605C79A30319BE7A23DB /* AudioRendererTests.swift in Sources */ = {isa = PBXBuildFile; fileRef = C2F230676A8AA66D08406396 /* AudioRendererTests.swift */; };
		4C8EBE32550930F5B24D3C8D /* ProtocolConstants.swift in Sources */ = {isa = PBXBuildFile; fileRef = 1B71C90D0BBDB99F15F5387B /* ProtocolConstants.swift */; };
		4E745692F496242985C44C73 /* RepositoryPaths.swift in Sources */ = {isa = PBXBuildFile; fileRef = 35B9F93C4D134DD8CBF38766 /* RepositoryPaths.swift */; };
		50582FFECDC73D8A2D99DFFA /* PinnedTLSTransport.swift in Sources */ = {isa = PBXBuildFile; fileRef = D89E84B1DB5AB51890C495E2 /* PinnedTLSTransport.swift */; };
		513C31059A8DE74EBB9DFF88 /* Cocoa.framework in Frameworks */ = {isa = PBXBuildFile; fileRef = B525C05E1CCD8D32C7BF7A9D /* Cocoa.framework */; };
		55240B74C9B4A9D861D1963E /* ReconnectPolicyTests.swift in Sources */ = {isa = PBXBuildFile; fileRef = 8E1DC008C0C5B6A620DD68CB /* ReconnectPolicyTests.swift */; };
		56850CADAA8E9D86FF18AFD8 /* SessionDemandTests.swift in Sources */ = {isa = PBXBuildFile; fileRef = 51B687B3B3845E936A2B685F /* SessionDemandTests.swift */; };
		5FC9ECE397B1C75E5AEB5EAF /* FrameCodecTests.swift in Sources */ = {isa = PBXBuildFile; fileRef = 0EA2243A54D9A91AF51777BE /* FrameCodecTests.swift */; };
		638BDD2F7366D6800DF1DC3F /* SessionController.swift in Sources */ = {isa = PBXBuildFile; fileRef = AD19D939FDA16BF0DC611B0C /* SessionController.swift */; };
		69B0E10D478F68F06BBE1B6F /* HeartbeatMonitorTests.swift in Sources */ = {isa = PBXBuildFile; fileRef = 429A69ADB3C8231A3B1FE921 /* HeartbeatMonitorTests.swift */; };
		6D3878F114BF5EB693AB0B8E /* ProtocolError.swift in Sources */ = {isa = PBXBuildFile; fileRef = 9780481DA1571D6FE4726605 /* ProtocolError.swift */; };
		7086DF947B1A2BD6937576DC /* ConnectionCoordinator.swift in Sources */ = {isa = PBXBuildFile; fileRef = 851CABF1AA21D33CB4440862 /* ConnectionCoordinator.swift */; };
		74599EBC40D684772F6C5DD7 /* MockWindowsServerProcessTests.swift in Sources */ = {isa = PBXBuildFile; fileRef = 2DEE840418EC69650C2C859B /* MockWindowsServerProcessTests.swift */; };
		7CD3E1B7789620A7B1BECA87 /* SharedMicApp.swift in Sources */ = {isa = PBXBuildFile; fileRef = FEDB5ABA0715311E5DCD6ACC /* SharedMicApp.swift */; };
		7D8E67E3FC1EF7D5839FC3CC /* FrameCodec.swift in Sources */ = {isa = PBXBuildFile; fileRef = 50CA55D37CB7B2A94B96533F /* FrameCodec.swift */; };
		82A3E9BD6A2E60B48D1E2B72 /* DemandSettingsTests.swift in Sources */ = {isa = PBXBuildFile; fileRef = 63BAFF910C9ED5570637D095 /* DemandSettingsTests.swift */; };
		837C957EF5E8A7587CFBAB42 /* AppModelTests.swift in Sources */ = {isa = PBXBuildFile; fileRef = 435C71805EFABC26D90A5987 /* AppModelTests.swift */; };
		862C1CDFBD2E4D7977501825 /* CoreAudioQuery.swift in Sources */ = {isa = PBXBuildFile; fileRef = 6D6E23F9A32E8D19637FE9A2 /* CoreAudioQuery.swift */; };
		890DA09CEB93B457377DA2B5 /* PairingString.swift in Sources */ = {isa = PBXBuildFile; fileRef = FC32AA07617BD6F52AFBA288 /* PairingString.swift */; };
		8B77B65F064A7A8DD6D45846 /* PairingStore.swift in Sources */ = {isa = PBXBuildFile; fileRef = 7F149ABD0E63705957043301 /* PairingStore.swift */; };
		8BB66094EC9746E684ECFFBC /* AppModel.swift in Sources */ = {isa = PBXBuildFile; fileRef = 9A5FBB3FDF2EC2D205AD056A /* AppModel.swift */; };
		8E015FCC191A27811280C482 /* DemandSnapshotTests.swift in Sources */ = {isa = PBXBuildFile; fileRef = A4E84EA101FA0627A1E4C008 /* DemandSnapshotTests.swift */; };
		951E1D67E63950661A59FF25 /* BlackHoleDeviceTests.swift in Sources */ = {isa = PBXBuildFile; fileRef = 6BD4F70299B9305347B2EA5E /* BlackHoleDeviceTests.swift */; };
		95B0E9B1CF2CD77D0F02D426 /* DemandSnapshot.swift in Sources */ = {isa = PBXBuildFile; fileRef = 377DDC6A3DC7F703332DAE0B /* DemandSnapshot.swift */; };
		9EA46EB3B855FA5998DC7F4F /* MenuBarView.swift in Sources */ = {isa = PBXBuildFile; fileRef = A889DED4820E300914F6A5E2 /* MenuBarView.swift */; };
		9EB659681C7A39A198FB5A52 /* AudioRenderer.swift in Sources */ = {isa = PBXBuildFile; fileRef = F48299D1A0B3A47E2A7E4B57 /* AudioRenderer.swift */; };
		9FB8A0FB227FB1C124DD5621 /* AudioValidationTests.swift in Sources */ = {isa = PBXBuildFile; fileRef = DA59D2B779C9BA5415EA2AC1 /* AudioValidationTests.swift */; };
		A445C9492623A6ADF51FCD0C /* DriftController.swift in Sources */ = {isa = PBXBuildFile; fileRef = 40FC1183BC5A1F017F9F25E4 /* DriftController.swift */; };
		B432F632E64387B07F001B83 /* AudioDemandObserverTests.swift in Sources */ = {isa = PBXBuildFile; fileRef = 57C4997A75F8E19CA13137B2 /* AudioDemandObserverTests.swift */; };
		BD935000C60A7DD0D8BB1325 /* ControlCodec.swift in Sources */ = {isa = PBXBuildFile; fileRef = 9CB3E805566C1818813AB41C /* ControlCodec.swift */; };
		BFA6B286DC0E60C41208B62D /* FrameBuffer.swift in Sources */ = {isa = PBXBuildFile; fileRef = 454EE770CAFF436C01983ACF /* FrameBuffer.swift */; };
		C0C73CCE22A01D1CC63CA39D /* DriftControllerTests.swift in Sources */ = {isa = PBXBuildFile; fileRef = 5AE6F95A6AB603F08696D99B /* DriftControllerTests.swift */; };
		C224C5A909FD8E99583127E9 /* ControlCodecTests.swift in Sources */ = {isa = PBXBuildFile; fileRef = 8E5676D37C0CE9D8B582DD9F /* ControlCodecTests.swift */; };
		C663C44DA8BC8C3D6F00409C /* SessionControllerTests.swift in Sources */ = {isa = PBXBuildFile; fileRef = 100E7BC8097B2F7AD8AA62C6 /* SessionControllerTests.swift */; };
		C8B8618ED9D5DF403E7A8DEA /* LoginItemManager.swift in Sources */ = {isa = PBXBuildFile; fileRef = E9ADD25E88BE32A225197B11 /* LoginItemManager.swift */; };
		CD7773BD5D3478A3C794AC74 /* Cocoa.framework in Frameworks */ = {isa = PBXBuildFile; fileRef = B525C05E1CCD8D32C7BF7A9D /* Cocoa.framework */; };
		D34A70C25986AB6436D14D97 /* MeasurementTests.swift in Sources */ = {isa = PBXBuildFile; fileRef = 998CD9791D0A10F15A6D6A88 /* MeasurementTests.swift */; };
		D3B71320CE7239AD5587A514 /* MockWindowsServerProcess.swift in Sources */ = {isa = PBXBuildFile; fileRef = 8582C3ED51A994D8DD6698AA /* MockWindowsServerProcess.swift */; };
		D7874257DAA1F6BFCE4E26E2 /* ProtocolConstantsTests.swift in Sources */ = {isa = PBXBuildFile; fileRef = 869B7EFE5750FB64AF8ED1A6 /* ProtocolConstantsTests.swift */; };
		D846F727E4A48F019131CBBD /* DemandSettings.swift in Sources */ = {isa = PBXBuildFile; fileRef = 1ED1D7DEF80CC2B31A4E3059 /* DemandSettings.swift */; };
		DAA39A13140A5EECBC391C56 /* PairingStoreTests.swift in Sources */ = {isa = PBXBuildFile; fileRef = 5FB217339673DFE34ED61F3E /* PairingStoreTests.swift */; };
		DDC9952036454906E5DA8BD5 /* ConnectionCoordinatorTests.swift in Sources */ = {isa = PBXBuildFile; fileRef = 022C89099C6D4CF7E1798B74 /* ConnectionCoordinatorTests.swift */; };
		DE3E3D228ED91695C98CC887 /* AuthProof.swift in Sources */ = {isa = PBXBuildFile; fileRef = 8CB6E85D1F101C1AEE0DF26C /* AuthProof.swift */; };
		E2CA8F21C2BC84273DDAA495 /* Base32.swift in Sources */ = {isa = PBXBuildFile; fileRef = 5D6521C73992A8369985AD01 /* Base32.swift */; };
		E2DC72C5084306B0CE23DAD0 /* SystemInputDevice.swift in Sources */ = {isa = PBXBuildFile; fileRef = 08257DC6F4E14F76C295441C /* SystemInputDevice.swift */; };
		EB1AD6042386B21E38F5402F /* RecordingRenderer.swift in Sources */ = {isa = PBXBuildFile; fileRef = C0F00632EBFD9EBE2AAD2567 /* RecordingRenderer.swift */; };
		EC8ECF79C5AD94F10B44F289 /* ControlClient.swift in Sources */ = {isa = PBXBuildFile; fileRef = FC07D00944DB20BD03642E35 /* ControlClient.swift */; };
		EEDA2A877D3A0A80E6B6D20D /* AppVersionTests.swift in Sources */ = {isa = PBXBuildFile; fileRef = 5E243DCBC33E78772FB14363 /* AppVersionTests.swift */; };
		F4C198FF60E1606C263EE2A5 /* AudioFrameCodecTests.swift in Sources */ = {isa = PBXBuildFile; fileRef = CF380D61764DAE18D7D2CAA8 /* AudioFrameCodecTests.swift */; };
		F813D2233BEA200D3A48014D /* HeartbeatMonitor.swift in Sources */ = {isa = PBXBuildFile; fileRef = C8325B0829CD8F37F91E3B55 /* HeartbeatMonitor.swift */; };
		F8681FFEC257AD7AD42C28E3 /* LoginItemManagerTests.swift in Sources */ = {isa = PBXBuildFile; fileRef = 4FD83950EA863DD56B627320 /* LoginItemManagerTests.swift */; };
		F98ADC1B216BC85F8058F992 /* AudioDemandObserver.swift in Sources */ = {isa = PBXBuildFile; fileRef = 6D0AB3C3276C8E54CA0A20B1 /* AudioDemandObserver.swift */; };
		FBB6257EAC829968D3B76F1E /* Hex.swift in Sources */ = {isa = PBXBuildFile; fileRef = 63A555CCAB5CE1DC4E9CF51A /* Hex.swift */; };
		FDB182501DA318E729EB1C6F /* PinnedTLSTransportTests.swift in Sources */ = {isa = PBXBuildFile; fileRef = 2233DE09430F1794E6E5C93B /* PinnedTLSTransportTests.swift */; };
		FFC53B4D68DFB37DBE7CFB74 /* ControlMessage.swift in Sources */ = {isa = PBXBuildFile; fileRef = 932725BF46F6DDCE4781C19D /* ControlMessage.swift */; };
/* End PBXBuildFile section */

/* Begin PBXContainerItemProxy section */
		31A5145695A489700F1FC51C /* PBXContainerItemProxy */ = {
			isa = PBXContainerItemProxy;
			containerPortal = B64C75A2F67C1C964B83AAF8 /* Project object */;
			proxyType = 1;
			remoteGlobalIDString = 40CA149055FAA07C6736B7DA;
			remoteInfo = SharedMic;
		};
/* End PBXContainerItemProxy section */

/* Begin PBXFileReference section */
		022C89099C6D4CF7E1798B74 /* ConnectionCoordinatorTests.swift */ = {isa = PBXFileReference; includeInIndex = 1; lastKnownFileType = sourcecode.swift; path = ConnectionCoordinatorTests.swift; sourceTree = "<group>"; };
		08257DC6F4E14F76C295441C /* SystemInputDevice.swift */ = {isa = PBXFileReference; includeInIndex = 1; lastKnownFileType = sourcecode.swift; name = SystemInputDevice.swift; path = Audio/SystemInputDevice.swift; sourceTree = "<group>"; };
		0EA2243A54D9A91AF51777BE /* FrameCodecTests.swift */ = {isa = PBXFileReference; includeInIndex = 1; lastKnownFileType = sourcecode.swift; path = FrameCodecTests.swift; sourceTree = "<group>"; };
		100E7BC8097B2F7AD8AA62C6 /* SessionControllerTests.swift */ = {isa = PBXFileReference; includeInIndex = 1; lastKnownFileType = sourcecode.swift; path = SessionControllerTests.swift; sourceTree = "<group>"; };
		118A8DEC333E75959897A625 /* AuthProofTests.swift */ = {isa = PBXFileReference; includeInIndex = 1; lastKnownFileType = sourcecode.swift; path = AuthProofTests.swift; sourceTree = "<group>"; };
		1B71C90D0BBDB99F15F5387B /* ProtocolConstants.swift */ = {isa = PBXFileReference; includeInIndex = 1; lastKnownFileType = sourcecode.swift; name = ProtocolConstants.swift; path = Protocol/ProtocolConstants.swift; sourceTree = "<group>"; };
		1ED1D7DEF80CC2B31A4E3059 /* DemandSettings.swift */ = {isa = PBXFileReference; includeInIndex = 1; lastKnownFileType = sourcecode.swift; name = DemandSettings.swift; path = Session/DemandSettings.swift; sourceTree = "<group>"; };
		2028303A05B59EA163981B92 /* AudioFrameCodec.swift */ = {isa = PBXFileReference; includeInIndex = 1; lastKnownFileType = sourcecode.swift; name = AudioFrameCodec.swift; path = Protocol/AudioFrameCodec.swift; sourceTree = "<group>"; };
		2233DE09430F1794E6E5C93B /* PinnedTLSTransportTests.swift */ = {isa = PBXFileReference; includeInIndex = 1; lastKnownFileType = sourcecode.swift; path = PinnedTLSTransportTests.swift; sourceTree = "<group>"; };
		2DEE840418EC69650C2C859B /* MockWindowsServerProcessTests.swift */ = {isa = PBXFileReference; includeInIndex = 1; lastKnownFileType = sourcecode.swift; path = MockWindowsServerProcessTests.swift; sourceTree = "<group>"; };
		3024AA5BC5BB218C17E1B762 /* PairingStringTests.swift */ = {isa = PBXFileReference; includeInIndex = 1; lastKnownFileType = sourcecode.swift; path = PairingStringTests.swift; sourceTree = "<group>"; };
		35B9F93C4D134DD8CBF38766 /* RepositoryPaths.swift */ = {isa = PBXFileReference; includeInIndex = 1; lastKnownFileType = sourcecode.swift; name = RepositoryPaths.swift; path = Support/RepositoryPaths.swift; sourceTree = "<group>"; };
		377DDC6A3DC7F703332DAE0B /* DemandSnapshot.swift */ = {isa = PBXFileReference; includeInIndex = 1; lastKnownFileType = sourcecode.swift; name = DemandSnapshot.swift; path = Audio/DemandSnapshot.swift; sourceTree = "<group>"; };
		40FC1183BC5A1F017F9F25E4 /* DriftController.swift */ = {isa = PBXFileReference; includeInIndex = 1; lastKnownFileType = sourcecode.swift; name = DriftController.swift; path = Audio/DriftController.swift; sourceTree = "<group>"; };
		429A69ADB3C8231A3B1FE921 /* HeartbeatMonitorTests.swift */ = {isa = PBXFileReference; includeInIndex = 1; lastKnownFileType = sourcecode.swift; path = HeartbeatMonitorTests.swift; sourceTree = "<group>"; };
		435C71805EFABC26D90A5987 /* AppModelTests.swift */ = {isa = PBXFileReference; includeInIndex = 1; lastKnownFileType = sourcecode.swift; path = AppModelTests.swift; sourceTree = "<group>"; };
		454EE770CAFF436C01983ACF /* FrameBuffer.swift */ = {isa = PBXFileReference; includeInIndex = 1; lastKnownFileType = sourcecode.swift; name = FrameBuffer.swift; path = Protocol/FrameBuffer.swift; sourceTree = "<group>"; };
		4595D2696D9507AB329BF006 /* VectorConformanceTests.swift */ = {isa = PBXFileReference; includeInIndex = 1; lastKnownFileType = sourcecode.swift; path = VectorConformanceTests.swift; sourceTree = "<group>"; };
		4A9616108B3FA70FDD40B522 /* BlackHoleDevice.swift */ = {isa = PBXFileReference; includeInIndex = 1; lastKnownFileType = sourcecode.swift; name = BlackHoleDevice.swift; path = Audio/BlackHoleDevice.swift; sourceTree = "<group>"; };
		4CE6949509EF8F713DF4C300 /* ControlClientTests.swift */ = {isa = PBXFileReference; includeInIndex = 1; lastKnownFileType = sourcecode.swift; path = ControlClientTests.swift; sourceTree = "<group>"; };
		4FD83950EA863DD56B627320 /* LoginItemManagerTests.swift */ = {isa = PBXFileReference; includeInIndex = 1; lastKnownFileType = sourcecode.swift; path = LoginItemManagerTests.swift; sourceTree = "<group>"; };
		50CA55D37CB7B2A94B96533F /* FrameCodec.swift */ = {isa = PBXFileReference; includeInIndex = 1; lastKnownFileType = sourcecode.swift; name = FrameCodec.swift; path = Protocol/FrameCodec.swift; sourceTree = "<group>"; };
		50D8882D97ADF73EC48DEFBF /* PCMRingBufferTests.swift */ = {isa = PBXFileReference; includeInIndex = 1; lastKnownFileType = sourcecode.swift; path = PCMRingBufferTests.swift; sourceTree = "<group>"; };
		51B687B3B3845E936A2B685F /* SessionDemandTests.swift */ = {isa = PBXFileReference; includeInIndex = 1; lastKnownFileType = sourcecode.swift; path = SessionDemandTests.swift; sourceTree = "<group>"; };
		57C4997A75F8E19CA13137B2 /* AudioDemandObserverTests.swift */ = {isa = PBXFileReference; includeInIndex = 1; lastKnownFileType = sourcecode.swift; path = AudioDemandObserverTests.swift; sourceTree = "<group>"; };
		5AE6F95A6AB603F08696D99B /* DriftControllerTests.swift */ = {isa = PBXFileReference; includeInIndex = 1; lastKnownFileType = sourcecode.swift; path = DriftControllerTests.swift; sourceTree = "<group>"; };
		5D6521C73992A8369985AD01 /* Base32.swift */ = {isa = PBXFileReference; includeInIndex = 1; lastKnownFileType = sourcecode.swift; name = Base32.swift; path = Security/Base32.swift; sourceTree = "<group>"; };
		5E243DCBC33E78772FB14363 /* AppVersionTests.swift */ = {isa = PBXFileReference; includeInIndex = 1; lastKnownFileType = sourcecode.swift; path = AppVersionTests.swift; sourceTree = "<group>"; };
		5FB217339673DFE34ED61F3E /* PairingStoreTests.swift */ = {isa = PBXFileReference; includeInIndex = 1; lastKnownFileType = sourcecode.swift; path = PairingStoreTests.swift; sourceTree = "<group>"; };
		6081E81CEB78F285623E15E2 /* PCMRingBuffer.swift */ = {isa = PBXFileReference; includeInIndex = 1; lastKnownFileType = sourcecode.swift; name = PCMRingBuffer.swift; path = Audio/PCMRingBuffer.swift; sourceTree = "<group>"; };
		63A555CCAB5CE1DC4E9CF51A /* Hex.swift */ = {isa = PBXFileReference; includeInIndex = 1; lastKnownFileType = sourcecode.swift; name = Hex.swift; path = Protocol/Hex.swift; sourceTree = "<group>"; };
		63BAFF910C9ED5570637D095 /* DemandSettingsTests.swift */ = {isa = PBXFileReference; includeInIndex = 1; lastKnownFileType = sourcecode.swift; path = DemandSettingsTests.swift; sourceTree = "<group>"; };
		6840EBEA71E5EC1FEC603D5C /* SharedMic.app */ = {isa = PBXFileReference; explicitFileType = wrapper.application; includeInIndex = 0; path = SharedMic.app; sourceTree = BUILT_PRODUCTS_DIR; };
		6BD4F70299B9305347B2EA5E /* BlackHoleDeviceTests.swift */ = {isa = PBXFileReference; includeInIndex = 1; lastKnownFileType = sourcecode.swift; path = BlackHoleDeviceTests.swift; sourceTree = "<group>"; };
		6D0AB3C3276C8E54CA0A20B1 /* AudioDemandObserver.swift */ = {isa = PBXFileReference; includeInIndex = 1; lastKnownFileType = sourcecode.swift; name = AudioDemandObserver.swift; path = Audio/AudioDemandObserver.swift; sourceTree = "<group>"; };
		6D6E23F9A32E8D19637FE9A2 /* CoreAudioQuery.swift */ = {isa = PBXFileReference; includeInIndex = 1; lastKnownFileType = sourcecode.swift; name = CoreAudioQuery.swift; path = Audio/CoreAudioQuery.swift; sourceTree = "<group>"; };
		7F149ABD0E63705957043301 /* PairingStore.swift */ = {isa = PBXFileReference; includeInIndex = 1; lastKnownFileType = sourcecode.swift; name = PairingStore.swift; path = Security/PairingStore.swift; sourceTree = "<group>"; };
		806BF39BF03C5BD5042007EE /* SharedMicTests.xctest */ = {isa = PBXFileReference; explicitFileType = wrapper.cfbundle; includeInIndex = 0; path = SharedMicTests.xctest; sourceTree = BUILT_PRODUCTS_DIR; };
		851CABF1AA21D33CB4440862 /* ConnectionCoordinator.swift */ = {isa = PBXFileReference; includeInIndex = 1; lastKnownFileType = sourcecode.swift; name = ConnectionCoordinator.swift; path = Net/ConnectionCoordinator.swift; sourceTree = "<group>"; };
		8582C3ED51A994D8DD6698AA /* MockWindowsServerProcess.swift */ = {isa = PBXFileReference; includeInIndex = 1; lastKnownFileType = sourcecode.swift; name = MockWindowsServerProcess.swift; path = Support/MockWindowsServerProcess.swift; sourceTree = "<group>"; };
		869B7EFE5750FB64AF8ED1A6 /* ProtocolConstantsTests.swift */ = {isa = PBXFileReference; includeInIndex = 1; lastKnownFileType = sourcecode.swift; path = ProtocolConstantsTests.swift; sourceTree = "<group>"; };
		8CB6E85D1F101C1AEE0DF26C /* AuthProof.swift */ = {isa = PBXFileReference; includeInIndex = 1; lastKnownFileType = sourcecode.swift; name = AuthProof.swift; path = Security/AuthProof.swift; sourceTree = "<group>"; };
		8E1DC008C0C5B6A620DD68CB /* ReconnectPolicyTests.swift */ = {isa = PBXFileReference; includeInIndex = 1; lastKnownFileType = sourcecode.swift; path = ReconnectPolicyTests.swift; sourceTree = "<group>"; };
		8E5676D37C0CE9D8B582DD9F /* ControlCodecTests.swift */ = {isa = PBXFileReference; includeInIndex = 1; lastKnownFileType = sourcecode.swift; path = ControlCodecTests.swift; sourceTree = "<group>"; };
		932725BF46F6DDCE4781C19D /* ControlMessage.swift */ = {isa = PBXFileReference; includeInIndex = 1; lastKnownFileType = sourcecode.swift; name = ControlMessage.swift; path = Protocol/ControlMessage.swift; sourceTree = "<group>"; };
		9780481DA1571D6FE4726605 /* ProtocolError.swift */ = {isa = PBXFileReference; includeInIndex = 1; lastKnownFileType = sourcecode.swift; name = ProtocolError.swift; path = Protocol/ProtocolError.swift; sourceTree = "<group>"; };
		998CD9791D0A10F15A6D6A88 /* MeasurementTests.swift */ = {isa = PBXFileReference; includeInIndex = 1; lastKnownFileType = sourcecode.swift; path = MeasurementTests.swift; sourceTree = "<group>"; };
		9A5FBB3FDF2EC2D205AD056A /* AppModel.swift */ = {isa = PBXFileReference; includeInIndex = 1; lastKnownFileType = sourcecode.swift; name = AppModel.swift; path = App/AppModel.swift; sourceTree = "<group>"; };
		9CB3E805566C1818813AB41C /* ControlCodec.swift */ = {isa = PBXFileReference; includeInIndex = 1; lastKnownFileType = sourcecode.swift; name = ControlCodec.swift; path = Protocol/ControlCodec.swift; sourceTree = "<group>"; };
		A4E84EA101FA0627A1E4C008 /* DemandSnapshotTests.swift */ = {isa = PBXFileReference; includeInIndex = 1; lastKnownFileType = sourcecode.swift; path = DemandSnapshotTests.swift; sourceTree = "<group>"; };
		A889DED4820E300914F6A5E2 /* MenuBarView.swift */ = {isa = PBXFileReference; includeInIndex = 1; lastKnownFileType = sourcecode.swift; name = MenuBarView.swift; path = App/MenuBarView.swift; sourceTree = "<group>"; };
		AD19D939FDA16BF0DC611B0C /* SessionController.swift */ = {isa = PBXFileReference; includeInIndex = 1; lastKnownFileType = sourcecode.swift; name = SessionController.swift; path = Session/SessionController.swift; sourceTree = "<group>"; };
		B09983FE2FC75CC1FDAF40A2 /* FrameBufferTests.swift */ = {isa = PBXFileReference; includeInIndex = 1; lastKnownFileType = sourcecode.swift; path = FrameBufferTests.swift; sourceTree = "<group>"; };
		B525C05E1CCD8D32C7BF7A9D /* Cocoa.framework */ = {isa = PBXFileReference; lastKnownFileType = wrapper.framework; name = Cocoa.framework; path = Platforms/MacOSX.platform/Developer/SDKs/MacOSX26.0.sdk/System/Library/Frameworks/Cocoa.framework; sourceTree = DEVELOPER_DIR; };
		BACC2D97DDC84C97DBF46AD9 /* ReconnectPolicy.swift */ = {isa = PBXFileReference; includeInIndex = 1; lastKnownFileType = sourcecode.swift; name = ReconnectPolicy.swift; path = Session/ReconnectPolicy.swift; sourceTree = "<group>"; };
		C0F00632EBFD9EBE2AAD2567 /* RecordingRenderer.swift */ = {isa = PBXFileReference; includeInIndex = 1; lastKnownFileType = sourcecode.swift; name = RecordingRenderer.swift; path = Support/RecordingRenderer.swift; sourceTree = "<group>"; };
		C2F230676A8AA66D08406396 /* AudioRendererTests.swift */ = {isa = PBXFileReference; includeInIndex = 1; lastKnownFileType = sourcecode.swift; path = AudioRendererTests.swift; sourceTree = "<group>"; };
		C8325B0829CD8F37F91E3B55 /* HeartbeatMonitor.swift */ = {isa = PBXFileReference; includeInIndex = 1; lastKnownFileType = sourcecode.swift; name = HeartbeatMonitor.swift; path = Session/HeartbeatMonitor.swift; sourceTree = "<group>"; };
		CD871F55403FC59143D31802 /* AppVersion.swift */ = {isa = PBXFileReference; includeInIndex = 1; lastKnownFileType = sourcecode.swift; name = AppVersion.swift; path = App/AppVersion.swift; sourceTree = "<group>"; };
		CF380D61764DAE18D7D2CAA8 /* AudioFrameCodecTests.swift */ = {isa = PBXFileReference; includeInIndex = 1; lastKnownFileType = sourcecode.swift; path = AudioFrameCodecTests.swift; sourceTree = "<group>"; };
		D8136840613935E38C25165B /* HexTests.swift */ = {isa = PBXFileReference; includeInIndex = 1; lastKnownFileType = sourcecode.swift; path = HexTests.swift; sourceTree = "<group>"; };
		D89E84B1DB5AB51890C495E2 /* PinnedTLSTransport.swift */ = {isa = PBXFileReference; includeInIndex = 1; lastKnownFileType = sourcecode.swift; name = PinnedTLSTransport.swift; path = Net/PinnedTLSTransport.swift; sourceTree = "<group>"; };
		DA59D2B779C9BA5415EA2AC1 /* AudioValidationTests.swift */ = {isa = PBXFileReference; includeInIndex = 1; lastKnownFileType = sourcecode.swift; path = AudioValidationTests.swift; sourceTree = "<group>"; };
		E9ADD25E88BE32A225197B11 /* LoginItemManager.swift */ = {isa = PBXFileReference; includeInIndex = 1; lastKnownFileType = sourcecode.swift; name = LoginItemManager.swift; path = App/LoginItemManager.swift; sourceTree = "<group>"; };
		F48299D1A0B3A47E2A7E4B57 /* AudioRenderer.swift */ = {isa = PBXFileReference; includeInIndex = 1; lastKnownFileType = sourcecode.swift; name = AudioRenderer.swift; path = Audio/AudioRenderer.swift; sourceTree = "<group>"; };
		FC07D00944DB20BD03642E35 /* ControlClient.swift */ = {isa = PBXFileReference; includeInIndex = 1; lastKnownFileType = sourcecode.swift; name = ControlClient.swift; path = Net/ControlClient.swift; sourceTree = "<group>"; };
		FC32AA07617BD6F52AFBA288 /* PairingString.swift */ = {isa = PBXFileReference; includeInIndex = 1; lastKnownFileType = sourcecode.swift; name = PairingString.swift; path = Security/PairingString.swift; sourceTree = "<group>"; };
		FEDB5ABA0715311E5DCD6ACC /* SharedMicApp.swift */ = {isa = PBXFileReference; includeInIndex = 1; lastKnownFileType = sourcecode.swift; name = SharedMicApp.swift; path = App/SharedMicApp.swift; sourceTree = "<group>"; };
/* End PBXFileReference section */

/* Begin PBXFrameworksBuildPhase section */
		0889E849ED7A8C6C2A684166 /* Frameworks */ = {
			isa = PBXFrameworksBuildPhase;
			buildActionMask = 2147483647;
			files = (
				CD7773BD5D3478A3C794AC74 /* Cocoa.framework in Frameworks */,
			);
			runOnlyForDeploymentPostprocessing = 0;
		};
		F7D4D6CE4589FA155C19583C /* Frameworks */ = {
			isa = PBXFrameworksBuildPhase;
			buildActionMask = 2147483647;
			files = (
				513C31059A8DE74EBB9DFF88 /* Cocoa.framework in Frameworks */,
			);
			runOnlyForDeploymentPostprocessing = 0;
		};
/* End PBXFrameworksBuildPhase section */

/* Begin PBXGroup section */
		0343E62C4C30E56B15DB2C88 /* SharedMicTests */ = {
			isa = PBXGroup;
			children = (
				435C71805EFABC26D90A5987 /* AppModelTests.swift */,
				5E243DCBC33E78772FB14363 /* AppVersionTests.swift */,
				57C4997A75F8E19CA13137B2 /* AudioDemandObserverTests.swift */,
				CF380D61764DAE18D7D2CAA8 /* AudioFrameCodecTests.swift */,
				C2F230676A8AA66D08406396 /* AudioRendererTests.swift */,
				DA59D2B779C9BA5415EA2AC1 /* AudioValidationTests.swift */,
				118A8DEC333E75959897A625 /* AuthProofTests.swift */,
				6BD4F70299B9305347B2EA5E /* BlackHoleDeviceTests.swift */,
				022C89099C6D4CF7E1798B74 /* ConnectionCoordinatorTests.swift */,
				4CE6949509EF8F713DF4C300 /* ControlClientTests.swift */,
				8E5676D37C0CE9D8B582DD9F /* ControlCodecTests.swift */,
				63BAFF910C9ED5570637D095 /* DemandSettingsTests.swift */,
				A4E84EA101FA0627A1E4C008 /* DemandSnapshotTests.swift */,
				5AE6F95A6AB603F08696D99B /* DriftControllerTests.swift */,
				B09983FE2FC75CC1FDAF40A2 /* FrameBufferTests.swift */,
				0EA2243A54D9A91AF51777BE /* FrameCodecTests.swift */,
				429A69ADB3C8231A3B1FE921 /* HeartbeatMonitorTests.swift */,
				D8136840613935E38C25165B /* HexTests.swift */,
				4FD83950EA863DD56B627320 /* LoginItemManagerTests.swift */,
				998CD9791D0A10F15A6D6A88 /* MeasurementTests.swift */,
				2DEE840418EC69650C2C859B /* MockWindowsServerProcessTests.swift */,
				50D8882D97ADF73EC48DEFBF /* PCMRingBufferTests.swift */,
				5FB217339673DFE34ED61F3E /* PairingStoreTests.swift */,
				3024AA5BC5BB218C17E1B762 /* PairingStringTests.swift */,
				2233DE09430F1794E6E5C93B /* PinnedTLSTransportTests.swift */,
				869B7EFE5750FB64AF8ED1A6 /* ProtocolConstantsTests.swift */,
				8E1DC008C0C5B6A620DD68CB /* ReconnectPolicyTests.swift */,
				100E7BC8097B2F7AD8AA62C6 /* SessionControllerTests.swift */,
				51B687B3B3845E936A2B685F /* SessionDemandTests.swift */,
				8582C3ED51A994D8DD6698AA /* MockWindowsServerProcess.swift */,
				C0F00632EBFD9EBE2AAD2567 /* RecordingRenderer.swift */,
				35B9F93C4D134DD8CBF38766 /* RepositoryPaths.swift */,
				4595D2696D9507AB329BF006 /* VectorConformanceTests.swift */,
			);
			name = SharedMicTests;
			path = SharedMicTests;
			sourceTree = "<group>";
		};
		29345CB6B0DA6636C1692E35 /* SharedMic */ = {
			isa = PBXGroup;
			children = (
				9A5FBB3FDF2EC2D205AD056A /* AppModel.swift */,
				CD871F55403FC59143D31802 /* AppVersion.swift */,
				E9ADD25E88BE32A225197B11 /* LoginItemManager.swift */,
				A889DED4820E300914F6A5E2 /* MenuBarView.swift */,
				FEDB5ABA0715311E5DCD6ACC /* SharedMicApp.swift */,
				6D0AB3C3276C8E54CA0A20B1 /* AudioDemandObserver.swift */,
				F48299D1A0B3A47E2A7E4B57 /* AudioRenderer.swift */,
				4A9616108B3FA70FDD40B522 /* BlackHoleDevice.swift */,
				6D6E23F9A32E8D19637FE9A2 /* CoreAudioQuery.swift */,
				377DDC6A3DC7F703332DAE0B /* DemandSnapshot.swift */,
				40FC1183BC5A1F017F9F25E4 /* DriftController.swift */,
				6081E81CEB78F285623E15E2 /* PCMRingBuffer.swift */,
				08257DC6F4E14F76C295441C /* SystemInputDevice.swift */,
				851CABF1AA21D33CB4440862 /* ConnectionCoordinator.swift */,
				FC07D00944DB20BD03642E35 /* ControlClient.swift */,
				D89E84B1DB5AB51890C495E2 /* PinnedTLSTransport.swift */,
				2028303A05B59EA163981B92 /* AudioFrameCodec.swift */,
				9CB3E805566C1818813AB41C /* ControlCodec.swift */,
				932725BF46F6DDCE4781C19D /* ControlMessage.swift */,
				454EE770CAFF436C01983ACF /* FrameBuffer.swift */,
				50CA55D37CB7B2A94B96533F /* FrameCodec.swift */,
				63A555CCAB5CE1DC4E9CF51A /* Hex.swift */,
				1B71C90D0BBDB99F15F5387B /* ProtocolConstants.swift */,
				9780481DA1571D6FE4726605 /* ProtocolError.swift */,
				8CB6E85D1F101C1AEE0DF26C /* AuthProof.swift */,
				5D6521C73992A8369985AD01 /* Base32.swift */,
				7F149ABD0E63705957043301 /* PairingStore.swift */,
				FC32AA07617BD6F52AFBA288 /* PairingString.swift */,
				1ED1D7DEF80CC2B31A4E3059 /* DemandSettings.swift */,
				C8325B0829CD8F37F91E3B55 /* HeartbeatMonitor.swift */,
				BACC2D97DDC84C97DBF46AD9 /* ReconnectPolicy.swift */,
				AD19D939FDA16BF0DC611B0C /* SessionController.swift */,
			);
			name = SharedMic;
			path = SharedMic;
			sourceTree = "<group>";
		};
		3278FA2AE14F770D1537F993 /* Products */ = {
			isa = PBXGroup;
			children = (
				6840EBEA71E5EC1FEC603D5C /* SharedMic.app */,
				806BF39BF03C5BD5042007EE /* SharedMicTests.xctest */,
			);
			name = Products;
			sourceTree = "<group>";
		};
		398B7E791B6ABF3252739662 /* OS X */ = {
			isa = PBXGroup;
			children = (
				B525C05E1CCD8D32C7BF7A9D /* Cocoa.framework */,
			);
			name = "OS X";
			sourceTree = "<group>";
		};
		CF2822438F529E0E1C9155FB = {
			isa = PBXGroup;
			children = (
				3278FA2AE14F770D1537F993 /* Products */,
				FBEA414A066D26CC1244E3CF /* Frameworks */,
				29345CB6B0DA6636C1692E35 /* SharedMic */,
				0343E62C4C30E56B15DB2C88 /* SharedMicTests */,
			);
			sourceTree = "<group>";
		};
		FBEA414A066D26CC1244E3CF /* Frameworks */ = {
			isa = PBXGroup;
			children = (
				398B7E791B6ABF3252739662 /* OS X */,
			);
			name = Frameworks;
			sourceTree = "<group>";
		};
/* End PBXGroup section */

/* Begin PBXNativeTarget section */
		40CA149055FAA07C6736B7DA /* SharedMic */ = {
			isa = PBXNativeTarget;
			buildConfigurationList = 92C5864AAC31D9FF4008B194 /* Build configuration list for PBXNativeTarget "SharedMic" */;
			buildPhases = (
				646AE76CCF9F6F143627B543 /* Sources */,
				0889E849ED7A8C6C2A684166 /* Frameworks */,
				EAE9B5DDF9D5633EEE41B9BB /* Resources */,
			);
			buildRules = (
			);
			dependencies = (
			);
			name = SharedMic;
			productName = SharedMic;
			productReference = 6840EBEA71E5EC1FEC603D5C /* SharedMic.app */;
			productType = "com.apple.product-type.application";
		};
		893B526A0F5BBC18B13236BB /* SharedMicTests */ = {
			isa = PBXNativeTarget;
			buildConfigurationList = B775F5D7C33F699FF3EA4697 /* Build configuration list for PBXNativeTarget "SharedMicTests" */;
			buildPhases = (
				1FC7C36215717265C636CD96 /* Sources */,
				F7D4D6CE4589FA155C19583C /* Frameworks */,
				4C0DCFFF5E247E3FD091F954 /* Resources */,
			);
			buildRules = (
			);
			dependencies = (
				E221EC9CE497FC3FD6A6B942 /* PBXTargetDependency */,
			);
			name = SharedMicTests;
			productName = SharedMicTests;
			productReference = 806BF39BF03C5BD5042007EE /* SharedMicTests.xctest */;
			productType = "com.apple.product-type.bundle.unit-test";
		};
/* End PBXNativeTarget section */

/* Begin PBXProject section */
		B64C75A2F67C1C964B83AAF8 /* Project object */ = {
			isa = PBXProject;
			attributes = {
				LastSwiftUpdateCheck = 1600;
				LastUpgradeCheck = 1600;
			};
			buildConfigurationList = 86E23500F8A82CD3D65E9286 /* Build configuration list for PBXProject "SharedMic" */;
			compatibilityVersion = "Xcode 3.2";
			developmentRegion = en;
			hasScannedForEncodings = 0;
			knownRegions = (
				en,
				Base,
			);
			mainGroup = CF2822438F529E0E1C9155FB;
			minimizedProjectReferenceProxies = 0;
			preferredProjectObjectVersion = 100;
			productRefGroup = 3278FA2AE14F770D1537F993 /* Products */;
			projectDirPath = "";
			projectRoot = "";
			targets = (
				40CA149055FAA07C6736B7DA /* SharedMic */,
				893B526A0F5BBC18B13236BB /* SharedMicTests */,
			);
		};
/* End PBXProject section */

/* Begin PBXResourcesBuildPhase section */
		4C0DCFFF5E247E3FD091F954 /* Resources */ = {
			isa = PBXResourcesBuildPhase;
			buildActionMask = 2147483647;
			files = (
			);
			runOnlyForDeploymentPostprocessing = 0;
		};
		EAE9B5DDF9D5633EEE41B9BB /* Resources */ = {
			isa = PBXResourcesBuildPhase;
			buildActionMask = 2147483647;
			files = (
			);
			runOnlyForDeploymentPostprocessing = 0;
		};
/* End PBXResourcesBuildPhase section */

/* Begin PBXSourcesBuildPhase section */
		1FC7C36215717265C636CD96 /* Sources */ = {
			isa = PBXSourcesBuildPhase;
			buildActionMask = 2147483647;
			files = (
				837C957EF5E8A7587CFBAB42 /* AppModelTests.swift in Sources */,
				EEDA2A877D3A0A80E6B6D20D /* AppVersionTests.swift in Sources */,
				B432F632E64387B07F001B83 /* AudioDemandObserverTests.swift in Sources */,
				F4C198FF60E1606C263EE2A5 /* AudioFrameCodecTests.swift in Sources */,
				3CA4605C79A30319BE7A23DB /* AudioRendererTests.swift in Sources */,
				9FB8A0FB227FB1C124DD5621 /* AudioValidationTests.swift in Sources */,
				2C750F897638B7BEBFE5CC76 /* AuthProofTests.swift in Sources */,
				951E1D67E63950661A59FF25 /* BlackHoleDeviceTests.swift in Sources */,
				DDC9952036454906E5DA8BD5 /* ConnectionCoordinatorTests.swift in Sources */,
				100C8BB9317200FC36B51080 /* ControlClientTests.swift in Sources */,
				C224C5A909FD8E99583127E9 /* ControlCodecTests.swift in Sources */,
				82A3E9BD6A2E60B48D1E2B72 /* DemandSettingsTests.swift in Sources */,
				8E015FCC191A27811280C482 /* DemandSnapshotTests.swift in Sources */,
				C0C73CCE22A01D1CC63CA39D /* DriftControllerTests.swift in Sources */,
				083E66F3401FEB24E9BE1F6D /* FrameBufferTests.swift in Sources */,
				5FC9ECE397B1C75E5AEB5EAF /* FrameCodecTests.swift in Sources */,
				69B0E10D478F68F06BBE1B6F /* HeartbeatMonitorTests.swift in Sources */,
				23F80A58EC569435C2BCC714 /* HexTests.swift in Sources */,
				F8681FFEC257AD7AD42C28E3 /* LoginItemManagerTests.swift in Sources */,
				D34A70C25986AB6436D14D97 /* MeasurementTests.swift in Sources */,
				74599EBC40D684772F6C5DD7 /* MockWindowsServerProcessTests.swift in Sources */,
				2E12B208D76C14F578786D82 /* PCMRingBufferTests.swift in Sources */,
				DAA39A13140A5EECBC391C56 /* PairingStoreTests.swift in Sources */,
				084E99963511125848D8E026 /* PairingStringTests.swift in Sources */,
				FDB182501DA318E729EB1C6F /* PinnedTLSTransportTests.swift in Sources */,
				D7874257DAA1F6BFCE4E26E2 /* ProtocolConstantsTests.swift in Sources */,
				55240B74C9B4A9D861D1963E /* ReconnectPolicyTests.swift in Sources */,
				C663C44DA8BC8C3D6F00409C /* SessionControllerTests.swift in Sources */,
				56850CADAA8E9D86FF18AFD8 /* SessionDemandTests.swift in Sources */,
				D3B71320CE7239AD5587A514 /* MockWindowsServerProcess.swift in Sources */,
				EB1AD6042386B21E38F5402F /* RecordingRenderer.swift in Sources */,
				4E745692F496242985C44C73 /* RepositoryPaths.swift in Sources */,
				0A9219F31032DB420BE3A0DE /* VectorConformanceTests.swift in Sources */,
			);
			runOnlyForDeploymentPostprocessing = 0;
		};
		646AE76CCF9F6F143627B543 /* Sources */ = {
			isa = PBXSourcesBuildPhase;
			buildActionMask = 2147483647;
			files = (
				8BB66094EC9746E684ECFFBC /* AppModel.swift in Sources */,
				1E856FA51E562F41F33CE131 /* AppVersion.swift in Sources */,
				C8B8618ED9D5DF403E7A8DEA /* LoginItemManager.swift in Sources */,
				9EA46EB3B855FA5998DC7F4F /* MenuBarView.swift in Sources */,
				7CD3E1B7789620A7B1BECA87 /* SharedMicApp.swift in Sources */,
				F98ADC1B216BC85F8058F992 /* AudioDemandObserver.swift in Sources */,
				9EB659681C7A39A198FB5A52 /* AudioRenderer.swift in Sources */,
				3B70AE2DC5EFBFF073F792D3 /* BlackHoleDevice.swift in Sources */,
				862C1CDFBD2E4D7977501825 /* CoreAudioQuery.swift in Sources */,
				95B0E9B1CF2CD77D0F02D426 /* DemandSnapshot.swift in Sources */,
				A445C9492623A6ADF51FCD0C /* DriftController.swift in Sources */,
				225198B264FDE155CE3667A8 /* PCMRingBuffer.swift in Sources */,
				E2DC72C5084306B0CE23DAD0 /* SystemInputDevice.swift in Sources */,
				7086DF947B1A2BD6937576DC /* ConnectionCoordinator.swift in Sources */,
				EC8ECF79C5AD94F10B44F289 /* ControlClient.swift in Sources */,
				50582FFECDC73D8A2D99DFFA /* PinnedTLSTransport.swift in Sources */,
				275A99AEEBCFC9F4530D2BEF /* AudioFrameCodec.swift in Sources */,
				BD935000C60A7DD0D8BB1325 /* ControlCodec.swift in Sources */,
				FFC53B4D68DFB37DBE7CFB74 /* ControlMessage.swift in Sources */,
				BFA6B286DC0E60C41208B62D /* FrameBuffer.swift in Sources */,
				7D8E67E3FC1EF7D5839FC3CC /* FrameCodec.swift in Sources */,
				FBB6257EAC829968D3B76F1E /* Hex.swift in Sources */,
				4C8EBE32550930F5B24D3C8D /* ProtocolConstants.swift in Sources */,
				6D3878F114BF5EB693AB0B8E /* ProtocolError.swift in Sources */,
				DE3E3D228ED91695C98CC887 /* AuthProof.swift in Sources */,
				E2CA8F21C2BC84273DDAA495 /* Base32.swift in Sources */,
				8B77B65F064A7A8DD6D45846 /* PairingStore.swift in Sources */,
				890DA09CEB93B457377DA2B5 /* PairingString.swift in Sources */,
				D846F727E4A48F019131CBBD /* DemandSettings.swift in Sources */,
				F813D2233BEA200D3A48014D /* HeartbeatMonitor.swift in Sources */,
				3557C0C2AA15EAF71689B992 /* ReconnectPolicy.swift in Sources */,
				638BDD2F7366D6800DF1DC3F /* SessionController.swift in Sources */,
			);
			runOnlyForDeploymentPostprocessing = 0;
		};
/* End PBXSourcesBuildPhase section */

/* Begin PBXTargetDependency section */
		E221EC9CE497FC3FD6A6B942 /* PBXTargetDependency */ = {
			isa = PBXTargetDependency;
			name = SharedMic;
			target = 40CA149055FAA07C6736B7DA /* SharedMic */;
			targetProxy = 31A5145695A489700F1FC51C /* PBXContainerItemProxy */;
		};
/* End PBXTargetDependency section */

/* Begin XCBuildConfiguration section */
		085ABF6F893D0CE3C22837DC /* Debug */ = {
			isa = XCBuildConfiguration;
			buildSettings = {
				ALWAYS_SEARCH_USER_PATHS = NO;
				CLANG_ANALYZER_NONNULL = YES;
				CLANG_ANALYZER_NUMBER_OBJECT_CONVERSION = YES_AGGRESSIVE;
				CLANG_CXX_LANGUAGE_STANDARD = "gnu++14";
				CLANG_CXX_LIBRARY = "libc++";
				CLANG_ENABLE_MODULES = YES;
				CLANG_ENABLE_OBJC_ARC = YES;
				CLANG_ENABLE_OBJC_WEAK = YES;
				CLANG_WARN_BLOCK_CAPTURE_AUTORELEASING = YES;
				CLANG_WARN_BOOL_CONVERSION = YES;
				CLANG_WARN_COMMA = YES;
				CLANG_WARN_CONSTANT_CONVERSION = YES;
				CLANG_WARN_DEPRECATED_OBJC_IMPLEMENTATIONS = YES;
				CLANG_WARN_DIRECT_OBJC_ISA_USAGE = YES_ERROR;
				CLANG_WARN_DOCUMENTATION_COMMENTS = YES;
				CLANG_WARN_EMPTY_BODY = YES;
				CLANG_WARN_ENUM_CONVERSION = YES;
				CLANG_WARN_INFINITE_RECURSION = YES;
				CLANG_WARN_INT_CONVERSION = YES;
				CLANG_WARN_NON_LITERAL_NULL_CONVERSION = YES;
				CLANG_WARN_OBJC_IMPLICIT_RETAIN_SELF = YES;
				CLANG_WARN_OBJC_LITERAL_CONVERSION = YES;
				CLANG_WARN_OBJC_ROOT_CLASS = YES_ERROR;
				CLANG_WARN_QUOTED_INCLUDE_IN_FRAMEWORK_HEADER = YES;
				CLANG_WARN_RANGE_LOOP_ANALYSIS = YES;
				CLANG_WARN_STRICT_PROTOTYPES = YES;
				CLANG_WARN_SUSPICIOUS_MOVE = YES;
				CLANG_WARN_UNGUARDED_AVAILABILITY = YES_AGGRESSIVE;
				CLANG_WARN_UNREACHABLE_CODE = YES;
				CLANG_WARN__DUPLICATE_METHOD_MATCH = YES;
				COPY_PHASE_STRIP = NO;
				DEBUG_INFORMATION_FORMAT = dwarf;
				ENABLE_STRICT_OBJC_MSGSEND = YES;
				ENABLE_TESTABILITY = YES;
				GCC_C_LANGUAGE_STANDARD = gnu11;
				GCC_DYNAMIC_NO_PIC = NO;
				GCC_NO_COMMON_BLOCKS = YES;
				GCC_OPTIMIZATION_LEVEL = 0;
				GCC_PREPROCESSOR_DEFINITIONS = (
					"DEBUG=1",
					"$(inherited)",
				);
				GCC_WARN_64_TO_32_BIT_CONVERSION = YES;
				GCC_WARN_ABOUT_RETURN_TYPE = YES_ERROR;
				GCC_WARN_UNDECLARED_SELECTOR = YES;
				GCC_WARN_UNINITIALIZED_AUTOS = YES_AGGRESSIVE;
				GCC_WARN_UNUSED_FUNCTION = YES;
				GCC_WARN_UNUSED_VARIABLE = YES;
				MACOSX_DEPLOYMENT_TARGET = 14.4;
				MTL_ENABLE_DEBUG_INFO = INCLUDE_SOURCE;
				MTL_FAST_MATH = YES;
				ONLY_ACTIVE_ARCH = YES;
				PRODUCT_NAME = "$(TARGET_NAME)";
				SDKROOT = macosx;
				SWIFT_ACTIVE_COMPILATION_CONDITIONS = DEBUG;
				SWIFT_OPTIMIZATION_LEVEL = "-Onone";
				SWIFT_VERSION = 5.0;
			};
			name = Debug;
		};
		1270707E51691EF219B55FA4 /* Release */ = {
			isa = XCBuildConfiguration;
			buildSettings = {
				BUNDLE_LOADER = "$(TEST_HOST)";
				CODE_SIGN_IDENTITY = "-";
				CODE_SIGN_STYLE = Automatic;
				GENERATE_INFOPLIST_FILE = YES;
				MACOSX_DEPLOYMENT_TARGET = 14.4;
				PRODUCT_BUNDLE_IDENTIFIER = com.sharedmic.SharedMicTests;
				PRODUCT_NAME = SharedMicTests;
				SDKROOT = macosx;
				SWIFT_VERSION = 5.0;
				TEST_HOST = "$(BUILT_PRODUCTS_DIR)/SharedMic.app/Contents/MacOS/SharedMic";
			};
			name = Release;
		};
		1D0E203458B4D114FC95B47B /* Debug */ = {
			isa = XCBuildConfiguration;
			buildSettings = {
				ASSETCATALOG_COMPILER_APPICON_NAME = AppIcon;
				ASSETCATALOG_COMPILER_GLOBAL_ACCENT_COLOR_NAME = AccentColor;
				CODE_SIGN_ENTITLEMENTS = SharedMic/SharedMic.entitlements;
				CODE_SIGN_IDENTITY = "-";
				CODE_SIGN_STYLE = Automatic;
				COMBINE_HIDPI_IMAGES = YES;
				CURRENT_PROJECT_VERSION = 1;
				ENABLE_HARDENED_RUNTIME = YES;
				GENERATE_INFOPLIST_FILE = NO;
				INFOPLIST_FILE = SharedMic/Info.plist;
				LD_RUNPATH_SEARCH_PATHS = "$(inherited) @executable_path/../Frameworks";
				MACOSX_DEPLOYMENT_TARGET = 14.4;
				MARKETING_VERSION = 0.1.0;
				PRODUCT_BUNDLE_IDENTIFIER = com.sharedmic.SharedMic;
				PRODUCT_NAME = SharedMic;
				SDKROOT = macosx;
				SWIFT_VERSION = 5.0;
			};
			name = Debug;
		};
		3CDD00C32B20484619945DB5 /* Release */ = {
			isa = XCBuildConfiguration;
			buildSettings = {
				ALWAYS_SEARCH_USER_PATHS = NO;
				CLANG_ANALYZER_NONNULL = YES;
				CLANG_ANALYZER_NUMBER_OBJECT_CONVERSION = YES_AGGRESSIVE;
				CLANG_CXX_LANGUAGE_STANDARD = "gnu++14";
				CLANG_CXX_LIBRARY = "libc++";
				CLANG_ENABLE_MODULES = YES;
				CLANG_ENABLE_OBJC_ARC = YES;
				CLANG_ENABLE_OBJC_WEAK = YES;
				CLANG_WARN_BLOCK_CAPTURE_AUTORELEASING = YES;
				CLANG_WARN_BOOL_CONVERSION = YES;
				CLANG_WARN_COMMA = YES;
				CLANG_WARN_CONSTANT_CONVERSION = YES;
				CLANG_WARN_DEPRECATED_OBJC_IMPLEMENTATIONS = YES;
				CLANG_WARN_DIRECT_OBJC_ISA_USAGE = YES_ERROR;
				CLANG_WARN_DOCUMENTATION_COMMENTS = YES;
				CLANG_WARN_EMPTY_BODY = YES;
				CLANG_WARN_ENUM_CONVERSION = YES;
				CLANG_WARN_INFINITE_RECURSION = YES;
				CLANG_WARN_INT_CONVERSION = YES;
				CLANG_WARN_NON_LITERAL_NULL_CONVERSION = YES;
				CLANG_WARN_OBJC_IMPLICIT_RETAIN_SELF = YES;
				CLANG_WARN_OBJC_LITERAL_CONVERSION = YES;
				CLANG_WARN_OBJC_ROOT_CLASS = YES_ERROR;
				CLANG_WARN_QUOTED_INCLUDE_IN_FRAMEWORK_HEADER = YES;
				CLANG_WARN_RANGE_LOOP_ANALYSIS = YES;
				CLANG_WARN_STRICT_PROTOTYPES = YES;
				CLANG_WARN_SUSPICIOUS_MOVE = YES;
				CLANG_WARN_UNGUARDED_AVAILABILITY = YES_AGGRESSIVE;
				CLANG_WARN_UNREACHABLE_CODE = YES;
				CLANG_WARN__DUPLICATE_METHOD_MATCH = YES;
				COPY_PHASE_STRIP = NO;
				DEBUG_INFORMATION_FORMAT = "dwarf-with-dsym";
				ENABLE_NS_ASSERTIONS = NO;
				ENABLE_STRICT_OBJC_MSGSEND = YES;
				GCC_C_LANGUAGE_STANDARD = gnu11;
				GCC_NO_COMMON_BLOCKS = YES;
				GCC_WARN_64_TO_32_BIT_CONVERSION = YES;
				GCC_WARN_ABOUT_RETURN_TYPE = YES_ERROR;
				GCC_WARN_UNDECLARED_SELECTOR = YES;
				GCC_WARN_UNINITIALIZED_AUTOS = YES_AGGRESSIVE;
				GCC_WARN_UNUSED_FUNCTION = YES;
				GCC_WARN_UNUSED_VARIABLE = YES;
				MACOSX_DEPLOYMENT_TARGET = 14.4;
				MTL_ENABLE_DEBUG_INFO = NO;
				MTL_FAST_MATH = YES;
				PRODUCT_NAME = "$(TARGET_NAME)";
				SDKROOT = macosx;
				SWIFT_COMPILATION_MODE = wholemodule;
				SWIFT_OPTIMIZATION_LEVEL = "-O";
				SWIFT_VERSION = 5.0;
			};
			name = Release;
		};
		DF93E95E989ED95A36762979 /* Release */ = {
			isa = XCBuildConfiguration;
			buildSettings = {
				ASSETCATALOG_COMPILER_APPICON_NAME = AppIcon;
				ASSETCATALOG_COMPILER_GLOBAL_ACCENT_COLOR_NAME = AccentColor;
				CODE_SIGN_ENTITLEMENTS = SharedMic/SharedMic.entitlements;
				CODE_SIGN_IDENTITY = "-";
				CODE_SIGN_STYLE = Automatic;
				COMBINE_HIDPI_IMAGES = YES;
				CURRENT_PROJECT_VERSION = 1;
				ENABLE_HARDENED_RUNTIME = YES;
				GENERATE_INFOPLIST_FILE = NO;
				INFOPLIST_FILE = SharedMic/Info.plist;
				LD_RUNPATH_SEARCH_PATHS = "$(inherited) @executable_path/../Frameworks";
				MACOSX_DEPLOYMENT_TARGET = 14.4;
				MARKETING_VERSION = 0.1.0;
				PRODUCT_BUNDLE_IDENTIFIER = com.sharedmic.SharedMic;
				PRODUCT_NAME = SharedMic;
				SDKROOT = macosx;
				SWIFT_VERSION = 5.0;
			};
			name = Release;
		};
		E08A05E58DA397D9519DEAA9 /* Debug */ = {
			isa = XCBuildConfiguration;
			buildSettings = {
				BUNDLE_LOADER = "$(TEST_HOST)";
				CODE_SIGN_IDENTITY = "-";
				CODE_SIGN_STYLE = Automatic;
				GENERATE_INFOPLIST_FILE = YES;
				MACOSX_DEPLOYMENT_TARGET = 14.4;
				PRODUCT_BUNDLE_IDENTIFIER = com.sharedmic.SharedMicTests;
				PRODUCT_NAME = SharedMicTests;
				SDKROOT = macosx;
				SWIFT_VERSION = 5.0;
				TEST_HOST = "$(BUILT_PRODUCTS_DIR)/SharedMic.app/Contents/MacOS/SharedMic";
			};
			name = Debug;
		};
/* End XCBuildConfiguration section */

/* Begin XCConfigurationList section */
		86E23500F8A82CD3D65E9286 /* Build configuration list for PBXProject "SharedMic" */ = {
			isa = XCConfigurationList;
			buildConfigurations = (
				085ABF6F893D0CE3C22837DC /* Debug */,
				3CDD00C32B20484619945DB5 /* Release */,
			);
			defaultConfigurationIsVisible = 0;
			defaultConfigurationName = Release;
		};
		92C5864AAC31D9FF4008B194 /* Build configuration list for PBXNativeTarget "SharedMic" */ = {
			isa = XCConfigurationList;
			buildConfigurations = (
				DF93E95E989ED95A36762979 /* Release */,
				1D0E203458B4D114FC95B47B /* Debug */,
			);
			defaultConfigurationIsVisible = 0;
			defaultConfigurationName = Release;
		};
		B775F5D7C33F699FF3EA4697 /* Build configuration list for PBXNativeTarget "SharedMicTests" */ = {
			isa = XCConfigurationList;
			buildConfigurations = (
				1270707E51691EF219B55FA4 /* Release */,
				E08A05E58DA397D9519DEAA9 /* Debug */,
			);
			defaultConfigurationIsVisible = 0;
			defaultConfigurationName = Release;
		};
/* End XCConfigurationList section */
	};
	rootObject = B64C75A2F67C1C964B83AAF8 /* Project object */;
}
